// !$*UTF8*$!
{
	archiveVersion = 1;
	classes = {
	};
	objectVersion = 48;
	objects = {

/* Begin PBXBuildFile section */
		2807A91D216A6A9C003DA8D6 /* ImageMenu.xib in Resources */ = {isa = PBXBuildFile; fileRef = 2807A91C216A6A9C003DA8D6 /* ImageMenu.xib */; };
		2807A91F216A6CF3003DA8D6 /* ImageMenu.swift in Sources */ = {isa = PBXBuildFile; fileRef = 2807A91E216A6CF3003DA8D6 /* ImageMenu.swift */; };
		2807A921216A7077003DA8D6 /* CustomSlider.swift in Sources */ = {isa = PBXBuildFile; fileRef = 2807A920216A7077003DA8D6 /* CustomSlider.swift */; };
		2807A923216AED4A003DA8D6 /* DashboardDelegate.swift in Sources */ = {isa = PBXBuildFile; fileRef = 2807A922216AED4A003DA8D6 /* DashboardDelegate.swift */; };
		2807A92A216AF123003DA8D6 /* FahrenheitProtocol.swift in Sources */ = {isa = PBXBuildFile; fileRef = 2873AED02027A55C00C3ABCE /* FahrenheitProtocol.swift */; };
		2807A92B216AF154003DA8D6 /* WeatherDataModel.swift in Sources */ = {isa = PBXBuildFile; fileRef = 28EEB916201C44CD0090D0D3 /* WeatherDataModel.swift */; };
		2807A92C216AF154003DA8D6 /* WeatherDataModel.swift in Sources */ = {isa = PBXBuildFile; fileRef = 28EEB916201C44CD0090D0D3 /* WeatherDataModel.swift */; };
		2807A92D216AF156003DA8D6 /* ForecastObject.swift in Sources */ = {isa = PBXBuildFile; fileRef = 2822A0392021485F0007D9E9 /* ForecastObject.swift */; };
		2807A92E216AF157003DA8D6 /* ForecastObject.swift in Sources */ = {isa = PBXBuildFile; fileRef = 2822A0392021485F0007D9E9 /* ForecastObject.swift */; };
		280A03E92183FDCD00F71B6A /* ParallaxHost.swift in Sources */ = {isa = PBXBuildFile; fileRef = 280A03E82183FDCD00F71B6A /* ParallaxHost.swift */; };
		280A03EC21841FD600F71B6A /* ParallaxViewController.swift in Sources */ = {isa = PBXBuildFile; fileRef = 280A03EB21841FD600F71B6A /* ParallaxViewController.swift */; };
		280C4C1F21FED29B00430ED3 /* Overlay.swift in Sources */ = {isa = PBXBuildFile; fileRef = 280C4C1E21FED29B00430ED3 /* Overlay.swift */; };
		280C4C2121FFEEC700430ED3 /* ImageMenuDelegate.swift in Sources */ = {isa = PBXBuildFile; fileRef = 280C4C2021FFEEC700430ED3 /* ImageMenuDelegate.swift */; };
		280C4C2321FFEF1F00430ED3 /* DashboardDelegate+Animations.swift in Sources */ = {isa = PBXBuildFile; fileRef = 280C4C2221FFEF1F00430ED3 /* DashboardDelegate+Animations.swift */; };
		2822A03A2021485F0007D9E9 /* ForecastObject.swift in Sources */ = {isa = PBXBuildFile; fileRef = 2822A0392021485F0007D9E9 /* ForecastObject.swift */; };
		28243639209E6BC9002D3142 /* Crashlytics.framework in Frameworks */ = {isa = PBXBuildFile; fileRef = 28243637209E6BC9002D3142 /* Crashlytics.framework */; };
		2824363A209E6BC9002D3142 /* Fabric.framework in Frameworks */ = {isa = PBXBuildFile; fileRef = 28243638209E6BC9002D3142 /* Fabric.framework */; };
		28359A4D201C41E3005AAFF4 /* AppDelegate.swift in Sources */ = {isa = PBXBuildFile; fileRef = 28359A4C201C41E3005AAFF4 /* AppDelegate.swift */; };
		28359A4F201C41E3005AAFF4 /* WeatherViewController.swift in Sources */ = {isa = PBXBuildFile; fileRef = 28359A4E201C41E3005AAFF4 /* WeatherViewController.swift */; };
		28359A52201C41E3005AAFF4 /* Main.storyboard in Resources */ = {isa = PBXBuildFile; fileRef = 28359A50201C41E3005AAFF4 /* Main.storyboard */; };
		28359A54201C41E3005AAFF4 /* Assets.xcassets in Resources */ = {isa = PBXBuildFile; fileRef = 28359A53201C41E3005AAFF4 /* Assets.xcassets */; };
		28359A57201C41E3005AAFF4 /* LaunchScreen.storyboard in Resources */ = {isa = PBXBuildFile; fileRef = 28359A55201C41E3005AAFF4 /* LaunchScreen.storyboard */; };
		28359A62201C41E3005AAFF4 /* InstaWeatherTests.swift in Sources */ = {isa = PBXBuildFile; fileRef = 28359A61201C41E3005AAFF4 /* InstaWeatherTests.swift */; };
		28359A6D201C41E3005AAFF4 /* InstaWeatherUITests.swift in Sources */ = {isa = PBXBuildFile; fileRef = 28359A6C201C41E3005AAFF4 /* InstaWeatherUITests.swift */; };
		28392E512214F69900789A2A /* SocialExport.swift in Sources */ = {isa = PBXBuildFile; fileRef = 28392E4F2214F69800789A2A /* SocialExport.swift */; };
		28392E522214F69900789A2A /* ActivitySharing.swift in Sources */ = {isa = PBXBuildFile; fileRef = 28392E502214F69900789A2A /* ActivitySharing.swift */; };
		28392E542214F81100789A2A /* LiveInstance.swift in Sources */ = {isa = PBXBuildFile; fileRef = 28392E532214F81100789A2A /* LiveInstance.swift */; };
		284574F5216AF1C900996AC4 /* FahrenheitProtocol.swift in Sources */ = {isa = PBXBuildFile; fileRef = 2873AED02027A55C00C3ABCE /* FahrenheitProtocol.swift */; };
		284574F7216B075E00996AC4 /* CustomImageButton.swift in Sources */ = {isa = PBXBuildFile; fileRef = 284574F6216B075E00996AC4 /* CustomImageButton.swift */; };
		28481F16201E8FA3004A89B6 /* ContainmentExtension.swift in Sources */ = {isa = PBXBuildFile; fileRef = 28481F15201E8FA3004A89B6 /* ContainmentExtension.swift */; };
		28481F18201E9199004A89B6 /* RecentPicksTable.swift in Sources */ = {isa = PBXBuildFile; fileRef = 28481F17201E9199004A89B6 /* RecentPicksTable.swift */; };
		284AE559220A91B0004A19DE /* PickerHost.swift in Sources */ = {isa = PBXBuildFile; fileRef = 28E58BFE22014E09006A67EF /* PickerHost.swift */; };
		285D412E20A133370040F6BE /* NotificationCenter.framework in Frameworks */ = {isa = PBXBuildFile; fileRef = 285D412D20A133370040F6BE /* NotificationCenter.framework */; };
		285D413120A133370040F6BE /* TodayViewController.swift in Sources */ = {isa = PBXBuildFile; fileRef = 285D413020A133370040F6BE /* TodayViewController.swift */; };
		285D413420A133370040F6BE /* MainInterface.storyboard in Resources */ = {isa = PBXBuildFile; fileRef = 285D413220A133370040F6BE /* MainInterface.storyboard */; };
		285D413820A133370040F6BE /* InstaWeatherToday.appex in Embed App Extensions */ = {isa = PBXBuildFile; fileRef = 285D412C20A133360040F6BE /* InstaWeatherToday.appex */; settings = {ATTRIBUTES = (RemoveHeadersOnCopy, ); }; };
		285D413E20A136F50040F6BE /* Assets.xcassets in Resources */ = {isa = PBXBuildFile; fileRef = 285D413D20A136F40040F6BE /* Assets.xcassets */; };
		286A3187221A0CDE00298030 /* LiveInstance.swift in Sources */ = {isa = PBXBuildFile; fileRef = 28392E532214F81100789A2A /* LiveInstance.swift */; };
		286A31A1221A2E1F00298030 /* MemoriesCache+CoreDataClass.swift in Sources */ = {isa = PBXBuildFile; fileRef = 286A319F221A2E1F00298030 /* MemoriesCache+CoreDataClass.swift */; };
		286A31A2221A2E1F00298030 /* MemoriesCache+CoreDataClass.swift in Sources */ = {isa = PBXBuildFile; fileRef = 286A319F221A2E1F00298030 /* MemoriesCache+CoreDataClass.swift */; };
		286A31A3221A2E1F00298030 /* MemoriesCache+CoreDataProperties.swift in Sources */ = {isa = PBXBuildFile; fileRef = 286A31A0221A2E1F00298030 /* MemoriesCache+CoreDataProperties.swift */; };
		286A31A4221A2E1F00298030 /* MemoriesCache+CoreDataProperties.swift in Sources */ = {isa = PBXBuildFile; fileRef = 286A31A0221A2E1F00298030 /* MemoriesCache+CoreDataProperties.swift */; };
		286A31A5221A2EC800298030 /* MemoriesCacheManager.swift in Sources */ = {isa = PBXBuildFile; fileRef = 286A319C221A2D3C00298030 /* MemoriesCacheManager.swift */; };
		286A31A6221A2EC900298030 /* MemoriesCacheManager.swift in Sources */ = {isa = PBXBuildFile; fileRef = 286A319C221A2D3C00298030 /* MemoriesCacheManager.swift */; };
		286A31A7221A2ECE00298030 /* MemoriesCacheModel.xcdatamodeld in Sources */ = {isa = PBXBuildFile; fileRef = 286A319A221A2D3C00298030 /* MemoriesCacheModel.xcdatamodeld */; };
		286A31A8221A2ECF00298030 /* MemoriesCacheModel.xcdatamodeld in Sources */ = {isa = PBXBuildFile; fileRef = 286A319A221A2D3C00298030 /* MemoriesCacheModel.xcdatamodeld */; };
		2871C19D20B5085900326A4C /* TodayDataModel.swift in Sources */ = {isa = PBXBuildFile; fileRef = 2871C19C20B5085900326A4C /* TodayDataModel.swift */; };
		2873ABF2221791DB00E186B9 /* MemoriesHost.swift in Sources */ = {isa = PBXBuildFile; fileRef = 2873ABF1221791DB00E186B9 /* MemoriesHost.swift */; };
		2873ABF42217937600E186B9 /* MemoriesViewController.swift in Sources */ = {isa = PBXBuildFile; fileRef = 2873ABF32217937600E186B9 /* MemoriesViewController.swift */; };
		2873ABF6221904D200E186B9 /* MemoriesExport.swift in Sources */ = {isa = PBXBuildFile; fileRef = 2873ABF5221904D200E186B9 /* MemoriesExport.swift */; };
		2873ABF82219078F00E186B9 /* MemoriesSnapshot.swift in Sources */ = {isa = PBXBuildFile; fileRef = 2873ABF72219078F00E186B9 /* MemoriesSnapshot.swift */; };
		2873ABF922190FAD00E186B9 /* MemoriesSnapshot.swift in Sources */ = {isa = PBXBuildFile; fileRef = 2873ABF72219078F00E186B9 /* MemoriesSnapshot.swift */; };
		287A5DD1201D62D1008E71CF /* ChangeCityViewController.swift in Sources */ = {isa = PBXBuildFile; fileRef = 287A5DD0201D62D1008E71CF /* ChangeCityViewController.swift */; };
		287DFB0D217558D7005086A3 /* DisplaySizes.swift in Sources */ = {isa = PBXBuildFile; fileRef = 287DFB0C217558D7005086A3 /* DisplaySizes.swift */; };
		287DFB0E217558D7005086A3 /* DisplaySizes.swift in Sources */ = {isa = PBXBuildFile; fileRef = 287DFB0C217558D7005086A3 /* DisplaySizes.swift */; };
		287DFB102175597D005086A3 /* YPImagePicker+Extension.swift in Sources */ = {isa = PBXBuildFile; fileRef = 287DFB0F2175597D005086A3 /* YPImagePicker+Extension.swift */; };
		287DFB112175597D005086A3 /* YPImagePicker+Extension.swift in Sources */ = {isa = PBXBuildFile; fileRef = 287DFB0F2175597D005086A3 /* YPImagePicker+Extension.swift */; };
		28812959221B9D77002F765A /* AnalyticsEvents.swift in Sources */ = {isa = PBXBuildFile; fileRef = 28812958221B9D77002F765A /* AnalyticsEvents.swift */; };
		2881295B221BA1AA002F765A /* GoogleService-Info.plist in Resources */ = {isa = PBXBuildFile; fileRef = 2881295A221BA1A9002F765A /* GoogleService-Info.plist */; };
		2881295C221BA1AA002F765A /* GoogleService-Info.plist in Resources */ = {isa = PBXBuildFile; fileRef = 2881295A221BA1A9002F765A /* GoogleService-Info.plist */; };
		2881295F221BA375002F765A /* AnalyticsKeys.swift in Sources */ = {isa = PBXBuildFile; fileRef = 2881295E221BA375002F765A /* AnalyticsKeys.swift */; };
		28812960221BA38B002F765A /* AnalyticsKeys.swift in Sources */ = {isa = PBXBuildFile; fileRef = 2881295E221BA375002F765A /* AnalyticsKeys.swift */; };
		2882D6892020116F00B40082 /* ForecastViewController.swift in Sources */ = {isa = PBXBuildFile; fileRef = 2882D6882020116F00B40082 /* ForecastViewController.swift */; };
		2885EE5F2023F62500CD4CC4 /* DetailedForecastTable.swift in Sources */ = {isa = PBXBuildFile; fileRef = 2885EE5E2023F62500CD4CC4 /* DetailedForecastTable.swift */; };
		2886552D2252DE4F001CB9C9 /* DashboardSwitch.xib in Resources */ = {isa = PBXBuildFile; fileRef = 2886552C2252DE4F001CB9C9 /* DashboardSwitch.xib */; };
		2886552F2252E052001CB9C9 /* DashboardSwitch.swift in Sources */ = {isa = PBXBuildFile; fileRef = 2886552E2252E052001CB9C9 /* DashboardSwitch.swift */; };
		28890DBA21FD47CB004C963A /* Dashboard.swift in Sources */ = {isa = PBXBuildFile; fileRef = 28890DB921FD47CB004C963A /* Dashboard.swift */; };
		28890DBC21FD47D7004C963A /* ImageDashboard.xib in Resources */ = {isa = PBXBuildFile; fileRef = 28890DBB21FD47D7004C963A /* ImageDashboard.xib */; };
		28890DC021FD5EF7004C963A /* UIView Extension.swift in Sources */ = {isa = PBXBuildFile; fileRef = 28890DBF21FD5EF7004C963A /* UIView Extension.swift */; };
		28890DC521FE14F5004C963A /* ImageButton.swift in Sources */ = {isa = PBXBuildFile; fileRef = 28890DC421FE14F5004C963A /* ImageButton.swift */; };
		288F60D920FACD7100B91054 /* AutoCompleterTable.swift in Sources */ = {isa = PBXBuildFile; fileRef = 288F60D820FACD7100B91054 /* AutoCompleterTable.swift */; };
		289D1948215DA14F006339D9 /* PageViewController.swift in Sources */ = {isa = PBXBuildFile; fileRef = 289D1947215DA14F006339D9 /* PageViewController.swift */; };
		289D194B215DA1AE006339D9 /* AppSettings.swift in Sources */ = {isa = PBXBuildFile; fileRef = 289D194A215DA1AE006339D9 /* AppSettings.swift */; };
		289D194E215DA32C006339D9 /* AdHosting.swift in Sources */ = {isa = PBXBuildFile; fileRef = 289D194D215DA32C006339D9 /* AdHosting.swift */; };
		289D1950215DA9A6006339D9 /* EnumKeys.swift in Sources */ = {isa = PBXBuildFile; fileRef = 289D194F215DA9A6006339D9 /* EnumKeys.swift */; };
		289D3E0E20E8046300D3D5DD /* LaunchBackground.jpg in Resources */ = {isa = PBXBuildFile; fileRef = 289D3E0D20E8046200D3D5DD /* LaunchBackground.jpg */; };
		28A0619D20E004CD00BF9112 /* DetailedContainerViewController.swift in Sources */ = {isa = PBXBuildFile; fileRef = 28A0619C20E004CD00BF9112 /* DetailedContainerViewController.swift */; };
		28A176C020E15294006A056F /* CoreAnimationObject.swift in Sources */ = {isa = PBXBuildFile; fileRef = 28A176BF20E15294006A056F /* CoreAnimationObject.swift */; };
		28B5CD262169501D004331DA /* ImagePicker.swift in Sources */ = {isa = PBXBuildFile; fileRef = 28B5CD252169501D004331DA /* ImagePicker.swift */; };
		28BB175E201D589D006E14A0 /* UpdateWeatherExtension.swift in Sources */ = {isa = PBXBuildFile; fileRef = 28BB175D201D589D006E14A0 /* UpdateWeatherExtension.swift */; };
		28BFE2C52164447F000F44C3 /* AppLaunch.swift in Sources */ = {isa = PBXBuildFile; fileRef = 28BFE2C42164447F000F44C3 /* AppLaunch.swift */; };
		28BFE2C6216444CC000F44C3 /* AppLaunch.swift in Sources */ = {isa = PBXBuildFile; fileRef = 28BFE2C42164447F000F44C3 /* AppLaunch.swift */; };
		28CD21872169D1F700BBFA62 /* ImageManager.swift in Sources */ = {isa = PBXBuildFile; fileRef = 28CD21862169D1F700BBFA62 /* ImageManager.swift */; };
		28CDAE1E20B1C2EE003CE837 /* WeatherDataModel.swift in Sources */ = {isa = PBXBuildFile; fileRef = 28EEB916201C44CD0090D0D3 /* WeatherDataModel.swift */; };
		28CDAE1F20B1C2EE003CE837 /* ForecastObject.swift in Sources */ = {isa = PBXBuildFile; fileRef = 2822A0392021485F0007D9E9 /* ForecastObject.swift */; };
		28CDAE2120B1C2EE003CE837 /* Secrets.swift in Sources */ = {isa = PBXBuildFile; fileRef = 28EEB910201C44300090D0D3 /* Secrets.swift */; };
		28D1A0FB220E8DD500B4928C /* SavedBackground.swift in Sources */ = {isa = PBXBuildFile; fileRef = 28D1A0FA220E8DD500B4928C /* SavedBackground.swift */; };
		28E58BFF22014E09006A67EF /* PickerHost.swift in Sources */ = {isa = PBXBuildFile; fileRef = 28E58BFE22014E09006A67EF /* PickerHost.swift */; };
		28E58C0222015C5C006A67EF /* ImageMenuDismissButton.swift in Sources */ = {isa = PBXBuildFile; fileRef = 28E58C0122015C5B006A67EF /* ImageMenuDismissButton.swift */; };
		28E58C04220167BA006A67EF /* ConfirmBackgroundButton.xib in Resources */ = {isa = PBXBuildFile; fileRef = 28E58C03220167BA006A67EF /* ConfirmBackgroundButton.xib */; };
		28E58C062201681F006A67EF /* ConfirmBackgroundButton.swift in Sources */ = {isa = PBXBuildFile; fileRef = 28E58C052201681F006A67EF /* ConfirmBackgroundButton.swift */; };
		28E58C0822028DBC006A67EF /* ColorPickerView.swift in Sources */ = {isa = PBXBuildFile; fileRef = 28E58C0722028DBC006A67EF /* ColorPickerView.swift */; };
		28E58C0A22028F15006A67EF /* ColorPicker.swift in Sources */ = {isa = PBXBuildFile; fileRef = 28E58C0922028F15006A67EF /* ColorPicker.swift */; };
		28E58C0C22028F1E006A67EF /* ColorPicker.xib in Resources */ = {isa = PBXBuildFile; fileRef = 28E58C0B22028F1E006A67EF /* ColorPicker.xib */; };
		28EEB911201C44300090D0D3 /* Secrets.swift in Sources */ = {isa = PBXBuildFile; fileRef = 28EEB910201C44300090D0D3 /* Secrets.swift */; };
		28EEB917201C44CD0090D0D3 /* WeatherDataModel.swift in Sources */ = {isa = PBXBuildFile; fileRef = 28EEB916201C44CD0090D0D3 /* WeatherDataModel.swift */; };
		28EEB91B201C50EC0090D0D3 /* LocationExtension.swift in Sources */ = {isa = PBXBuildFile; fileRef = 28EEB91A201C50EC0090D0D3 /* LocationExtension.swift */; };
		28F5B0F7220D0AFF00C927CE /* ImageManager.swift in Sources */ = {isa = PBXBuildFile; fileRef = 28CD21862169D1F700BBFA62 /* ImageManager.swift */; };
		28F5B0F8220D0B2300C927CE /* ImageLazyLoader.swift in Sources */ = {isa = PBXBuildFile; fileRef = 28F63D91220BC981000DF609 /* ImageLazyLoader.swift */; };
		28F63D92220BC981000DF609 /* ImageLazyLoader.swift in Sources */ = {isa = PBXBuildFile; fileRef = 28F63D91220BC981000DF609 /* ImageLazyLoader.swift */; };
		28F679EF2210C55100383ED6 /* AppSettings.swift in Sources */ = {isa = PBXBuildFile; fileRef = 289D194A215DA1AE006339D9 /* AppSettings.swift */; };
		28F679F02210C55600383ED6 /* SavedBackground.swift in Sources */ = {isa = PBXBuildFile; fileRef = 28D1A0FA220E8DD500B4928C /* SavedBackground.swift */; };
		28F75B11220D2D02007BD618 /* UIView Extension.swift in Sources */ = {isa = PBXBuildFile; fileRef = 28890DBF21FD5EF7004C963A /* UIView Extension.swift */; };
		28F7658C221652ED00114D2B /* ExportHost.swift in Sources */ = {isa = PBXBuildFile; fileRef = 28F7658B221652ED00114D2B /* ExportHost.swift */; };
		28F7659A2216679700114D2B /* ViewManager.swift in Sources */ = {isa = PBXBuildFile; fileRef = 28F7658F2216679700114D2B /* ViewManager.swift */; };
		28F7659B2216679700114D2B /* ZLSwipeableView.swift in Sources */ = {isa = PBXBuildFile; fileRef = 28F765932216679700114D2B /* ZLSwipeableView.swift */; };
		28F7659C2216679700114D2B /* Scheduler.swift in Sources */ = {isa = PBXBuildFile; fileRef = 28F765942216679700114D2B /* Scheduler.swift */; };
		28F7659E2216679700114D2B /* Direction.swift in Sources */ = {isa = PBXBuildFile; fileRef = 28F765962216679700114D2B /* Direction.swift */; };
		338CFD276D0F85E3F71B6E84 /* Pods_InstaWeatherUITests.framework in Frameworks */ = {isa = PBXBuildFile; fileRef = 1A4C51EF54F8D0D4821254CC /* Pods_InstaWeatherUITests.framework */; };
		6F5188595B7D8FCF9D71CE2F /* Pods_InstaWeather.framework in Frameworks */ = {isa = PBXBuildFile; fileRef = A585E28878866C49B1082067 /* Pods_InstaWeather.framework */; };
		7C5DCB2E78C1CE9E045BF970 /* Pods_InstaWeatherToday.framework in Frameworks */ = {isa = PBXBuildFile; fileRef = 11CB896F7508CFE441E2FA86 /* Pods_InstaWeatherToday.framework */; };
		9022FAE1EEB69B8525EE9EAA /* Pods_InstaWeatherTests.framework in Frameworks */ = {isa = PBXBuildFile; fileRef = 24A13B692FBB1A4636728D85 /* Pods_InstaWeatherTests.framework */; };
/* End PBXBuildFile section */

/* Begin PBXContainerItemProxy section */
		28359A5E201C41E3005AAFF4 /* PBXContainerItemProxy */ = {
			isa = PBXContainerItemProxy;
			containerPortal = 28359A41201C41E3005AAFF4 /* Project object */;
			proxyType = 1;
			remoteGlobalIDString = 28359A48201C41E3005AAFF4;
			remoteInfo = "Rain Check";
		};
		28359A69201C41E3005AAFF4 /* PBXContainerItemProxy */ = {
			isa = PBXContainerItemProxy;
			containerPortal = 28359A41201C41E3005AAFF4 /* Project object */;
			proxyType = 1;
			remoteGlobalIDString = 28359A48201C41E3005AAFF4;
			remoteInfo = "Rain Check";
		};
		285D413620A133370040F6BE /* PBXContainerItemProxy */ = {
			isa = PBXContainerItemProxy;
			containerPortal = 28359A41201C41E3005AAFF4 /* Project object */;
			proxyType = 1;
			remoteGlobalIDString = 285D412B20A133360040F6BE;
			remoteInfo = InstaWeatherToday;
		};
/* End PBXContainerItemProxy section */

/* Begin PBXCopyFilesBuildPhase section */
		285D413C20A133370040F6BE /* Embed App Extensions */ = {
			isa = PBXCopyFilesBuildPhase;
			buildActionMask = 2147483647;
			dstPath = "";
			dstSubfolderSpec = 13;
			files = (
				285D413820A133370040F6BE /* InstaWeatherToday.appex in Embed App Extensions */,
			);
			name = "Embed App Extensions";
			runOnlyForDeploymentPostprocessing = 0;
		};
/* End PBXCopyFilesBuildPhase section */

/* Begin PBXFileReference section */
		11CB896F7508CFE441E2FA86 /* Pods_InstaWeatherToday.framework */ = {isa = PBXFileReference; explicitFileType = wrapper.framework; includeInIndex = 0; path = Pods_InstaWeatherToday.framework; sourceTree = BUILT_PRODUCTS_DIR; };
		1A4C51EF54F8D0D4821254CC /* Pods_InstaWeatherUITests.framework */ = {isa = PBXFileReference; explicitFileType = wrapper.framework; includeInIndex = 0; path = Pods_InstaWeatherUITests.framework; sourceTree = BUILT_PRODUCTS_DIR; };
		24A13B692FBB1A4636728D85 /* Pods_InstaWeatherTests.framework */ = {isa = PBXFileReference; explicitFileType = wrapper.framework; includeInIndex = 0; path = Pods_InstaWeatherTests.framework; sourceTree = BUILT_PRODUCTS_DIR; };
		2807A91C216A6A9C003DA8D6 /* ImageMenu.xib */ = {isa = PBXFileReference; lastKnownFileType = file.xib; path = ImageMenu.xib; sourceTree = "<group>"; };
		2807A91E216A6CF3003DA8D6 /* ImageMenu.swift */ = {isa = PBXFileReference; lastKnownFileType = sourcecode.swift; path = ImageMenu.swift; sourceTree = "<group>"; };
		2807A920216A7077003DA8D6 /* CustomSlider.swift */ = {isa = PBXFileReference; lastKnownFileType = sourcecode.swift; path = CustomSlider.swift; sourceTree = "<group>"; };
		2807A922216AED4A003DA8D6 /* DashboardDelegate.swift */ = {isa = PBXFileReference; lastKnownFileType = sourcecode.swift; path = DashboardDelegate.swift; sourceTree = "<group>"; };
		280A03E82183FDCD00F71B6A /* ParallaxHost.swift */ = {isa = PBXFileReference; lastKnownFileType = sourcecode.swift; path = ParallaxHost.swift; sourceTree = "<group>"; };
		280A03EB21841FD600F71B6A /* ParallaxViewController.swift */ = {isa = PBXFileReference; lastKnownFileType = sourcecode.swift; path = ParallaxViewController.swift; sourceTree = "<group>"; };
		280C4C1E21FED29B00430ED3 /* Overlay.swift */ = {isa = PBXFileReference; lastKnownFileType = sourcecode.swift; path = Overlay.swift; sourceTree = "<group>"; };
		280C4C2021FFEEC700430ED3 /* ImageMenuDelegate.swift */ = {isa = PBXFileReference; lastKnownFileType = sourcecode.swift; path = ImageMenuDelegate.swift; sourceTree = "<group>"; };
		280C4C2221FFEF1F00430ED3 /* DashboardDelegate+Animations.swift */ = {isa = PBXFileReference; lastKnownFileType = sourcecode.swift; path = "DashboardDelegate+Animations.swift"; sourceTree = "<group>"; };
		28177AE620B7AB8B009079AD /* InstaWeather.entitlements */ = {isa = PBXFileReference; lastKnownFileType = text.plist.entitlements; path = InstaWeather.entitlements; sourceTree = "<group>"; };
		28177AE720B7ABE3009079AD /* InstaWeatherToday.entitlements */ = {isa = PBXFileReference; lastKnownFileType = text.plist.entitlements; path = InstaWeatherToday.entitlements; sourceTree = "<group>"; };
		2822A0392021485F0007D9E9 /* ForecastObject.swift */ = {isa = PBXFileReference; lastKnownFileType = sourcecode.swift; path = ForecastObject.swift; sourceTree = "<group>"; };
		28243637209E6BC9002D3142 /* Crashlytics.framework */ = {isa = PBXFileReference; lastKnownFileType = wrapper.framework; path = Crashlytics.framework; sourceTree = SOURCE_ROOT; };
		28243638209E6BC9002D3142 /* Fabric.framework */ = {isa = PBXFileReference; lastKnownFileType = wrapper.framework; path = Fabric.framework; sourceTree = SOURCE_ROOT; };
		28359A49201C41E3005AAFF4 /* InstaWeather.app */ = {isa = PBXFileReference; explicitFileType = wrapper.application; includeInIndex = 0; path = InstaWeather.app; sourceTree = BUILT_PRODUCTS_DIR; };
		28359A4C201C41E3005AAFF4 /* AppDelegate.swift */ = {isa = PBXFileReference; lastKnownFileType = sourcecode.swift; path = AppDelegate.swift; sourceTree = "<group>"; };
		28359A4E201C41E3005AAFF4 /* WeatherViewController.swift */ = {isa = PBXFileReference; lastKnownFileType = sourcecode.swift; path = WeatherViewController.swift; sourceTree = "<group>"; };
		28359A51201C41E3005AAFF4 /* Base */ = {isa = PBXFileReference; lastKnownFileType = file.storyboard; name = Base; path = Base.lproj/Main.storyboard; sourceTree = "<group>"; };
		28359A53201C41E3005AAFF4 /* Assets.xcassets */ = {isa = PBXFileReference; lastKnownFileType = folder.assetcatalog; path = Assets.xcassets; sourceTree = "<group>"; };
		28359A56201C41E3005AAFF4 /* Base */ = {isa = PBXFileReference; lastKnownFileType = file.storyboard; name = Base; path = Base.lproj/LaunchScreen.storyboard; sourceTree = "<group>"; };
		28359A58201C41E3005AAFF4 /* Info.plist */ = {isa = PBXFileReference; lastKnownFileType = text.plist.xml; path = Info.plist; sourceTree = "<group>"; };
		28359A5D201C41E3005AAFF4 /* InstaWeatherTests.xctest */ = {isa = PBXFileReference; explicitFileType = wrapper.cfbundle; includeInIndex = 0; path = InstaWeatherTests.xctest; sourceTree = BUILT_PRODUCTS_DIR; };
		28359A61201C41E3005AAFF4 /* InstaWeatherTests.swift */ = {isa = PBXFileReference; lastKnownFileType = sourcecode.swift; path = InstaWeatherTests.swift; sourceTree = "<group>"; };
		28359A63201C41E3005AAFF4 /* Info.plist */ = {isa = PBXFileReference; lastKnownFileType = text.plist.xml; path = Info.plist; sourceTree = "<group>"; };
		28359A68201C41E3005AAFF4 /* InstaWeatherUITests.xctest */ = {isa = PBXFileReference; explicitFileType = wrapper.cfbundle; includeInIndex = 0; path = InstaWeatherUITests.xctest; sourceTree = BUILT_PRODUCTS_DIR; };
		28359A6C201C41E3005AAFF4 /* InstaWeatherUITests.swift */ = {isa = PBXFileReference; lastKnownFileType = sourcecode.swift; path = InstaWeatherUITests.swift; sourceTree = "<group>"; };
		28359A6E201C41E3005AAFF4 /* Info.plist */ = {isa = PBXFileReference; lastKnownFileType = text.plist.xml; path = Info.plist; sourceTree = "<group>"; };
		28392E4F2214F69800789A2A /* SocialExport.swift */ = {isa = PBXFileReference; fileEncoding = 4; lastKnownFileType = sourcecode.swift; path = SocialExport.swift; sourceTree = "<group>"; };
		28392E502214F69900789A2A /* ActivitySharing.swift */ = {isa = PBXFileReference; fileEncoding = 4; lastKnownFileType = sourcecode.swift; path = ActivitySharing.swift; sourceTree = "<group>"; };
		28392E532214F81100789A2A /* LiveInstance.swift */ = {isa = PBXFileReference; lastKnownFileType = sourcecode.swift; path = LiveInstance.swift; sourceTree = "<group>"; };
		284574F6216B075E00996AC4 /* CustomImageButton.swift */ = {isa = PBXFileReference; lastKnownFileType = sourcecode.swift; path = CustomImageButton.swift; sourceTree = "<group>"; };
		28481F15201E8FA3004A89B6 /* ContainmentExtension.swift */ = {isa = PBXFileReference; lastKnownFileType = sourcecode.swift; path = ContainmentExtension.swift; sourceTree = "<group>"; };
		28481F17201E9199004A89B6 /* RecentPicksTable.swift */ = {isa = PBXFileReference; lastKnownFileType = sourcecode.swift; path = RecentPicksTable.swift; sourceTree = "<group>"; };
		285D412C20A133360040F6BE /* InstaWeatherToday.appex */ = {isa = PBXFileReference; explicitFileType = "wrapper.app-extension"; includeInIndex = 0; path = InstaWeatherToday.appex; sourceTree = BUILT_PRODUCTS_DIR; };
		285D412D20A133370040F6BE /* NotificationCenter.framework */ = {isa = PBXFileReference; lastKnownFileType = wrapper.framework; name = NotificationCenter.framework; path = System/Library/Frameworks/NotificationCenter.framework; sourceTree = SDKROOT; };
		285D413020A133370040F6BE /* TodayViewController.swift */ = {isa = PBXFileReference; lastKnownFileType = sourcecode.swift; path = TodayViewController.swift; sourceTree = "<group>"; };
		285D413320A133370040F6BE /* Base */ = {isa = PBXFileReference; lastKnownFileType = file.storyboard; name = Base; path = Base.lproj/MainInterface.storyboard; sourceTree = "<group>"; };
		285D413520A133370040F6BE /* Info.plist */ = {isa = PBXFileReference; lastKnownFileType = text.plist.xml; path = Info.plist; sourceTree = "<group>"; };
		285D413D20A136F40040F6BE /* Assets.xcassets */ = {isa = PBXFileReference; lastKnownFileType = folder.assetcatalog; path = Assets.xcassets; sourceTree = "<group>"; };
		286A319B221A2D3C00298030 /* ImageCacheModel.xcdatamodel */ = {isa = PBXFileReference; lastKnownFileType = wrapper.xcdatamodel; path = ImageCacheModel.xcdatamodel; sourceTree = "<group>"; };
		286A319C221A2D3C00298030 /* MemoriesCacheManager.swift */ = {isa = PBXFileReference; lastKnownFileType = sourcecode.swift; path = MemoriesCacheManager.swift; sourceTree = "<group>"; };
		286A319F221A2E1F00298030 /* MemoriesCache+CoreDataClass.swift */ = {isa = PBXFileReference; lastKnownFileType = sourcecode.swift; path = "MemoriesCache+CoreDataClass.swift"; sourceTree = "<group>"; };
		286A31A0221A2E1F00298030 /* MemoriesCache+CoreDataProperties.swift */ = {isa = PBXFileReference; lastKnownFileType = sourcecode.swift; path = "MemoriesCache+CoreDataProperties.swift"; sourceTree = "<group>"; };
		2871C19C20B5085900326A4C /* TodayDataModel.swift */ = {isa = PBXFileReference; lastKnownFileType = sourcecode.swift; path = TodayDataModel.swift; sourceTree = "<group>"; };
		2873ABF1221791DB00E186B9 /* MemoriesHost.swift */ = {isa = PBXFileReference; lastKnownFileType = sourcecode.swift; path = MemoriesHost.swift; sourceTree = "<group>"; };
		2873ABF32217937600E186B9 /* MemoriesViewController.swift */ = {isa = PBXFileReference; lastKnownFileType = sourcecode.swift; path = MemoriesViewController.swift; sourceTree = "<group>"; };
		2873ABF5221904D200E186B9 /* MemoriesExport.swift */ = {isa = PBXFileReference; lastKnownFileType = sourcecode.swift; path = MemoriesExport.swift; sourceTree = "<group>"; };
		2873ABF72219078F00E186B9 /* MemoriesSnapshot.swift */ = {isa = PBXFileReference; lastKnownFileType = sourcecode.swift; path = MemoriesSnapshot.swift; sourceTree = "<group>"; };
		2873AED02027A55C00C3ABCE /* FahrenheitProtocol.swift */ = {isa = PBXFileReference; lastKnownFileType = sourcecode.swift; path = FahrenheitProtocol.swift; sourceTree = "<group>"; };
		287A5DD0201D62D1008E71CF /* ChangeCityViewController.swift */ = {isa = PBXFileReference; fileEncoding = 4; lastKnownFileType = sourcecode.swift; path = ChangeCityViewController.swift; sourceTree = "<group>"; };
		287DFB0C217558D7005086A3 /* DisplaySizes.swift */ = {isa = PBXFileReference; fileEncoding = 4; lastKnownFileType = sourcecode.swift; path = DisplaySizes.swift; sourceTree = "<group>"; };
		287DFB0F2175597D005086A3 /* YPImagePicker+Extension.swift */ = {isa = PBXFileReference; lastKnownFileType = sourcecode.swift; path = "YPImagePicker+Extension.swift"; sourceTree = "<group>"; };
		28812958221B9D77002F765A /* AnalyticsEvents.swift */ = {isa = PBXFileReference; lastKnownFileType = sourcecode.swift; path = AnalyticsEvents.swift; sourceTree = "<group>"; };
		2881295A221BA1A9002F765A /* GoogleService-Info.plist */ = {isa = PBXFileReference; fileEncoding = 4; lastKnownFileType = text.plist.xml; path = "GoogleService-Info.plist"; sourceTree = "<group>"; };
		2881295E221BA375002F765A /* AnalyticsKeys.swift */ = {isa = PBXFileReference; lastKnownFileType = sourcecode.swift; path = AnalyticsKeys.swift; sourceTree = "<group>"; };
		2882D6882020116F00B40082 /* ForecastViewController.swift */ = {isa = PBXFileReference; lastKnownFileType = sourcecode.swift; path = ForecastViewController.swift; sourceTree = "<group>"; };
		2885EE5E2023F62500CD4CC4 /* DetailedForecastTable.swift */ = {isa = PBXFileReference; lastKnownFileType = sourcecode.swift; path = DetailedForecastTable.swift; sourceTree = "<group>"; };
		2886552C2252DE4F001CB9C9 /* DashboardSwitch.xib */ = {isa = PBXFileReference; lastKnownFileType = file.xib; path = DashboardSwitch.xib; sourceTree = "<group>"; };
		2886552E2252E052001CB9C9 /* DashboardSwitch.swift */ = {isa = PBXFileReference; lastKnownFileType = sourcecode.swift; path = DashboardSwitch.swift; sourceTree = "<group>"; };
		28890DB921FD47CB004C963A /* Dashboard.swift */ = {isa = PBXFileReference; lastKnownFileType = sourcecode.swift; path = Dashboard.swift; sourceTree = "<group>"; };
		28890DBB21FD47D7004C963A /* ImageDashboard.xib */ = {isa = PBXFileReference; lastKnownFileType = file.xib; path = ImageDashboard.xib; sourceTree = "<group>"; };
		28890DBF21FD5EF7004C963A /* UIView Extension.swift */ = {isa = PBXFileReference; fileEncoding = 4; lastKnownFileType = sourcecode.swift; path = "UIView Extension.swift"; sourceTree = "<group>"; };
		28890DC421FE14F5004C963A /* ImageButton.swift */ = {isa = PBXFileReference; fileEncoding = 4; lastKnownFileType = sourcecode.swift; path = ImageButton.swift; sourceTree = "<group>"; };
		288F60D820FACD7100B91054 /* AutoCompleterTable.swift */ = {isa = PBXFileReference; lastKnownFileType = sourcecode.swift; path = AutoCompleterTable.swift; sourceTree = "<group>"; };
		289D1947215DA14F006339D9 /* PageViewController.swift */ = {isa = PBXFileReference; fileEncoding = 4; lastKnownFileType = sourcecode.swift; path = PageViewController.swift; sourceTree = "<group>"; };
		289D194A215DA1AE006339D9 /* AppSettings.swift */ = {isa = PBXFileReference; lastKnownFileType = sourcecode.swift; path = AppSettings.swift; sourceTree = "<group>"; };
		289D194D215DA32C006339D9 /* AdHosting.swift */ = {isa = PBXFileReference; lastKnownFileType = sourcecode.swift; path = AdHosting.swift; sourceTree = "<group>"; };
		289D194F215DA9A6006339D9 /* EnumKeys.swift */ = {isa = PBXFileReference; lastKnownFileType = sourcecode.swift; path = EnumKeys.swift; sourceTree = "<group>"; };
		289D3E0D20E8046200D3D5DD /* LaunchBackground.jpg */ = {isa = PBXFileReference; lastKnownFileType = image.jpeg; path = LaunchBackground.jpg; sourceTree = "<group>"; };
		28A0619C20E004CD00BF9112 /* DetailedContainerViewController.swift */ = {isa = PBXFileReference; lastKnownFileType = sourcecode.swift; path = DetailedContainerViewController.swift; sourceTree = "<group>"; };
		28A176BF20E15294006A056F /* CoreAnimationObject.swift */ = {isa = PBXFileReference; lastKnownFileType = sourcecode.swift; path = CoreAnimationObject.swift; sourceTree = "<group>"; };
		28B5CD252169501D004331DA /* ImagePicker.swift */ = {isa = PBXFileReference; lastKnownFileType = sourcecode.swift; path = ImagePicker.swift; sourceTree = "<group>"; };
		28BB175D201D589D006E14A0 /* UpdateWeatherExtension.swift */ = {isa = PBXFileReference; lastKnownFileType = sourcecode.swift; path = UpdateWeatherExtension.swift; sourceTree = "<group>"; };
		28BFE2C42164447F000F44C3 /* AppLaunch.swift */ = {isa = PBXFileReference; lastKnownFileType = sourcecode.swift; path = AppLaunch.swift; sourceTree = "<group>"; };
		28CD21862169D1F700BBFA62 /* ImageManager.swift */ = {isa = PBXFileReference; lastKnownFileType = sourcecode.swift; path = ImageManager.swift; sourceTree = "<group>"; };
		28D1A0FA220E8DD500B4928C /* SavedBackground.swift */ = {isa = PBXFileReference; lastKnownFileType = sourcecode.swift; path = SavedBackground.swift; sourceTree = "<group>"; };
		28E58BFE22014E09006A67EF /* PickerHost.swift */ = {isa = PBXFileReference; lastKnownFileType = sourcecode.swift; path = PickerHost.swift; sourceTree = "<group>"; };
		28E58C0122015C5B006A67EF /* ImageMenuDismissButton.swift */ = {isa = PBXFileReference; lastKnownFileType = sourcecode.swift; path = ImageMenuDismissButton.swift; sourceTree = "<group>"; };
		28E58C03220167BA006A67EF /* ConfirmBackgroundButton.xib */ = {isa = PBXFileReference; lastKnownFileType = file.xib; path = ConfirmBackgroundButton.xib; sourceTree = "<group>"; };
		28E58C052201681F006A67EF /* ConfirmBackgroundButton.swift */ = {isa = PBXFileReference; lastKnownFileType = sourcecode.swift; path = ConfirmBackgroundButton.swift; sourceTree = "<group>"; };
		28E58C0722028DBC006A67EF /* ColorPickerView.swift */ = {isa = PBXFileReference; fileEncoding = 4; lastKnownFileType = sourcecode.swift; path = ColorPickerView.swift; sourceTree = "<group>"; };
		28E58C0922028F15006A67EF /* ColorPicker.swift */ = {isa = PBXFileReference; lastKnownFileType = sourcecode.swift; path = ColorPicker.swift; sourceTree = "<group>"; };
		28E58C0B22028F1E006A67EF /* ColorPicker.xib */ = {isa = PBXFileReference; lastKnownFileType = file.xib; path = ColorPicker.xib; sourceTree = "<group>"; };
		28EEB910201C44300090D0D3 /* Secrets.swift */ = {isa = PBXFileReference; lastKnownFileType = sourcecode.swift; path = Secrets.swift; sourceTree = "<group>"; };
		28EEB916201C44CD0090D0D3 /* WeatherDataModel.swift */ = {isa = PBXFileReference; lastKnownFileType = sourcecode.swift; path = WeatherDataModel.swift; sourceTree = "<group>"; };
		28EEB91A201C50EC0090D0D3 /* LocationExtension.swift */ = {isa = PBXFileReference; lastKnownFileType = sourcecode.swift; path = LocationExtension.swift; sourceTree = "<group>"; };
		28F63D91220BC981000DF609 /* ImageLazyLoader.swift */ = {isa = PBXFileReference; lastKnownFileType = sourcecode.swift; path = ImageLazyLoader.swift; sourceTree = "<group>"; };
		28F7658B221652ED00114D2B /* ExportHost.swift */ = {isa = PBXFileReference; lastKnownFileType = sourcecode.swift; path = ExportHost.swift; sourceTree = "<group>"; };
		28F7658F2216679700114D2B /* ViewManager.swift */ = {isa = PBXFileReference; fileEncoding = 4; lastKnownFileType = sourcecode.swift; path = ViewManager.swift; sourceTree = "<group>"; };
		28F765932216679700114D2B /* ZLSwipeableView.swift */ = {isa = PBXFileReference; fileEncoding = 4; lastKnownFileType = sourcecode.swift; path = ZLSwipeableView.swift; sourceTree = "<group>"; };
		28F765942216679700114D2B /* Scheduler.swift */ = {isa = PBXFileReference; fileEncoding = 4; lastKnownFileType = sourcecode.swift; path = Scheduler.swift; sourceTree = "<group>"; };
		28F765962216679700114D2B /* Direction.swift */ = {isa = PBXFileReference; fileEncoding = 4; lastKnownFileType = sourcecode.swift; path = Direction.swift; sourceTree = "<group>"; };
		358805A08EE8961EE35C12DB /* Pods-InstaWeatherTests.release.xcconfig */ = {isa = PBXFileReference; includeInIndex = 1; lastKnownFileType = text.xcconfig; name = "Pods-InstaWeatherTests.release.xcconfig"; path = "Pods/Target Support Files/Pods-InstaWeatherTests/Pods-InstaWeatherTests.release.xcconfig"; sourceTree = "<group>"; };
		4FD834D16733EDF6811E5274 /* Pods-InstaWeatherToday.release.xcconfig */ = {isa = PBXFileReference; includeInIndex = 1; lastKnownFileType = text.xcconfig; name = "Pods-InstaWeatherToday.release.xcconfig"; path = "Pods/Target Support Files/Pods-InstaWeatherToday/Pods-InstaWeatherToday.release.xcconfig"; sourceTree = "<group>"; };
		75E8D044414447EC3A1E809B /* Pods-InstaWeather.debug.xcconfig */ = {isa = PBXFileReference; includeInIndex = 1; lastKnownFileType = text.xcconfig; name = "Pods-InstaWeather.debug.xcconfig"; path = "Pods/Target Support Files/Pods-InstaWeather/Pods-InstaWeather.debug.xcconfig"; sourceTree = "<group>"; };
		860CF61B3ABB0D83D8F6F0CC /* Pods-InstaWeather.release.xcconfig */ = {isa = PBXFileReference; includeInIndex = 1; lastKnownFileType = text.xcconfig; name = "Pods-InstaWeather.release.xcconfig"; path = "Pods/Target Support Files/Pods-InstaWeather/Pods-InstaWeather.release.xcconfig"; sourceTree = "<group>"; };
		A585E28878866C49B1082067 /* Pods_InstaWeather.framework */ = {isa = PBXFileReference; explicitFileType = wrapper.framework; includeInIndex = 0; path = Pods_InstaWeather.framework; sourceTree = BUILT_PRODUCTS_DIR; };
		A5FE442CFCFB4EECBA04CB51 /* Pods-InstaWeatherUITests.release.xcconfig */ = {isa = PBXFileReference; includeInIndex = 1; lastKnownFileType = text.xcconfig; name = "Pods-InstaWeatherUITests.release.xcconfig"; path = "Pods/Target Support Files/Pods-InstaWeatherUITests/Pods-InstaWeatherUITests.release.xcconfig"; sourceTree = "<group>"; };
		B34F4AF0D73E10226C272553 /* Pods-InstaWeatherToday.debug.xcconfig */ = {isa = PBXFileReference; includeInIndex = 1; lastKnownFileType = text.xcconfig; name = "Pods-InstaWeatherToday.debug.xcconfig"; path = "Pods/Target Support Files/Pods-InstaWeatherToday/Pods-InstaWeatherToday.debug.xcconfig"; sourceTree = "<group>"; };
		CF737ED826A3AD0649F839E0 /* Pods-InstaWeatherTests.debug.xcconfig */ = {isa = PBXFileReference; includeInIndex = 1; lastKnownFileType = text.xcconfig; name = "Pods-InstaWeatherTests.debug.xcconfig"; path = "Pods/Target Support Files/Pods-InstaWeatherTests/Pods-InstaWeatherTests.debug.xcconfig"; sourceTree = "<group>"; };
		F2ACFD95A9A3A622A48B876E /* Pods-InstaWeatherUITests.debug.xcconfig */ = {isa = PBXFileReference; includeInIndex = 1; lastKnownFileType = text.xcconfig; name = "Pods-InstaWeatherUITests.debug.xcconfig"; path = "Pods/Target Support Files/Pods-InstaWeatherUITests/Pods-InstaWeatherUITests.debug.xcconfig"; sourceTree = "<group>"; };
/* End PBXFileReference section */

/* Begin PBXFrameworksBuildPhase section */
		28359A46201C41E3005AAFF4 /* Frameworks */ = {
			isa = PBXFrameworksBuildPhase;
			buildActionMask = 2147483647;
			files = (
				28243639209E6BC9002D3142 /* Crashlytics.framework in Frameworks */,
				2824363A209E6BC9002D3142 /* Fabric.framework in Frameworks */,
				6F5188595B7D8FCF9D71CE2F /* Pods_InstaWeather.framework in Frameworks */,
			);
			runOnlyForDeploymentPostprocessing = 0;
		};
		28359A5A201C41E3005AAFF4 /* Frameworks */ = {
			isa = PBXFrameworksBuildPhase;
			buildActionMask = 2147483647;
			files = (
				9022FAE1EEB69B8525EE9EAA /* Pods_InstaWeatherTests.framework in Frameworks */,
			);
			runOnlyForDeploymentPostprocessing = 0;
		};
		28359A65201C41E3005AAFF4 /* Frameworks */ = {
			isa = PBXFrameworksBuildPhase;
			buildActionMask = 2147483647;
			files = (
				338CFD276D0F85E3F71B6E84 /* Pods_InstaWeatherUITests.framework in Frameworks */,
			);
			runOnlyForDeploymentPostprocessing = 0;
		};
		285D412920A133360040F6BE /* Frameworks */ = {
			isa = PBXFrameworksBuildPhase;
			buildActionMask = 2147483647;
			files = (
				285D412E20A133370040F6BE /* NotificationCenter.framework in Frameworks */,
				7C5DCB2E78C1CE9E045BF970 /* Pods_InstaWeatherToday.framework in Frameworks */,
			);
			runOnlyForDeploymentPostprocessing = 0;
		};
/* End PBXFrameworksBuildPhase section */

/* Begin PBXGroup section */
		202DF2A4EE5C7595DA776AD0 /* Frameworks */ = {
			isa = PBXGroup;
			children = (
				285D412D20A133370040F6BE /* NotificationCenter.framework */,
				A585E28878866C49B1082067 /* Pods_InstaWeather.framework */,
				24A13B692FBB1A4636728D85 /* Pods_InstaWeatherTests.framework */,
				11CB896F7508CFE441E2FA86 /* Pods_InstaWeatherToday.framework */,
				1A4C51EF54F8D0D4821254CC /* Pods_InstaWeatherUITests.framework */,
			);
			name = Frameworks;
			sourceTree = "<group>";
		};
		2807A924216AF01B003DA8D6 /* Current Weather */ = {
			isa = PBXGroup;
			children = (
				289D1949215DA19B006339D9 /* Controllers */,
				289D194C215DA311006339D9 /* Protocols */,
				2807A928216AF09E003DA8D6 /* Model */,
				28359A4E201C41E3005AAFF4 /* WeatherViewController.swift */,
				28BB175D201D589D006E14A0 /* UpdateWeatherExtension.swift */,
				28EEB91A201C50EC0090D0D3 /* LocationExtension.swift */,
				28A176BF20E15294006A056F /* CoreAnimationObject.swift */,
				28481F15201E8FA3004A89B6 /* ContainmentExtension.swift */,
			);
			path = "Current Weather";
			sourceTree = "<group>";
		};
		2807A925216AF02E003DA8D6 /* Detailed Forecast */ = {
			isa = PBXGroup;
			children = (
				2885EE5E2023F62500CD4CC4 /* DetailedForecastTable.swift */,
				28A0619C20E004CD00BF9112 /* DetailedContainerViewController.swift */,
			);
			path = "Detailed Forecast";
			sourceTree = "<group>";
		};
		2807A926216AF036003DA8D6 /* Weekly Forecast */ = {
			isa = PBXGroup;
			children = (
				2882D6882020116F00B40082 /* ForecastViewController.swift */,
			);
			path = "Weekly Forecast";
			sourceTree = "<group>";
		};
		2807A927216AF04E003DA8D6 /* Change City */ = {
			isa = PBXGroup;
			children = (
				287A5DD0201D62D1008E71CF /* ChangeCityViewController.swift */,
				28481F17201E9199004A89B6 /* RecentPicksTable.swift */,
				288F60D820FACD7100B91054 /* AutoCompleterTable.swift */,
			);
			path = "Change City";
			sourceTree = "<group>";
		};
		2807A928216AF09E003DA8D6 /* Model */ = {
			isa = PBXGroup;
			children = (
				28EEB916201C44CD0090D0D3 /* WeatherDataModel.swift */,
				28D1A0FA220E8DD500B4928C /* SavedBackground.swift */,
				2822A0392021485F0007D9E9 /* ForecastObject.swift */,
			);
			path = Model;
			sourceTree = "<group>";
		};
		2807A929216AF0EE003DA8D6 /* Storyboards */ = {
			isa = PBXGroup;
			children = (
				28359A50201C41E3005AAFF4 /* Main.storyboard */,
				28359A55201C41E3005AAFF4 /* LaunchScreen.storyboard */,
				289D3E0D20E8046200D3D5DD /* LaunchBackground.jpg */,
			);
			path = Storyboards;
			sourceTree = "<group>";
		};
		280A03EA21841FC400F71B6A /* Parallax */ = {
			isa = PBXGroup;
			children = (
				280A03EB21841FD600F71B6A /* ParallaxViewController.swift */,
				280A03E82183FDCD00F71B6A /* ParallaxHost.swift */,
			);
			path = Parallax;
			sourceTree = "<group>";
		};
		280C4C2421FFF8C900430ED3 /* Dashboard */ = {
			isa = PBXGroup;
			children = (
				28890DB921FD47CB004C963A /* Dashboard.swift */,
				2807A922216AED4A003DA8D6 /* DashboardDelegate.swift */,
				280C4C2221FFEF1F00430ED3 /* DashboardDelegate+Animations.swift */,
				28890DBB21FD47D7004C963A /* ImageDashboard.xib */,
				2886552C2252DE4F001CB9C9 /* DashboardSwitch.xib */,
				2886552E2252E052001CB9C9 /* DashboardSwitch.swift */,
				280C4C2021FFEEC700430ED3 /* ImageMenuDelegate.swift */,
				280C4C1E21FED29B00430ED3 /* Overlay.swift */,
			);
			path = Dashboard;
			sourceTree = "<group>";
		};
		28359A40201C41E3005AAFF4 = {
			isa = PBXGroup;
			children = (
				28359A4B201C41E3005AAFF4 /* InstaWeather */,
				28359A60201C41E3005AAFF4 /* InstaWeatherTests */,
				28359A6B201C41E3005AAFF4 /* InstaWeatherUITests */,
				285D412F20A133370040F6BE /* InstaWeatherToday */,
				28359A4A201C41E3005AAFF4 /* Products */,
				202DF2A4EE5C7595DA776AD0 /* Frameworks */,
				C28F956F9CD763D7430DE7C2 /* Pods */,
			);
			sourceTree = "<group>";
		};
		28359A4A201C41E3005AAFF4 /* Products */ = {
			isa = PBXGroup;
			children = (
				28359A49201C41E3005AAFF4 /* InstaWeather.app */,
				28359A5D201C41E3005AAFF4 /* InstaWeatherTests.xctest */,
				28359A68201C41E3005AAFF4 /* InstaWeatherUITests.xctest */,
				285D412C20A133360040F6BE /* InstaWeatherToday.appex */,
			);
			name = Products;
			sourceTree = "<group>";
		};
		28359A4B201C41E3005AAFF4 /* InstaWeather */ = {
			isa = PBXGroup;
			children = (
				28B5CD2321694FE9004331DA /* Features */,
				28177AE620B7AB8B009079AD /* InstaWeather.entitlements */,
				28EEB915201C44AC0090D0D3 /* Supporting Files */,
				28359A53201C41E3005AAFF4 /* Assets.xcassets */,
			);
			path = InstaWeather;
			sourceTree = "<group>";
		};
		28359A60201C41E3005AAFF4 /* InstaWeatherTests */ = {
			isa = PBXGroup;
			children = (
				28359A61201C41E3005AAFF4 /* InstaWeatherTests.swift */,
				28359A63201C41E3005AAFF4 /* Info.plist */,
			);
			path = InstaWeatherTests;
			sourceTree = "<group>";
		};
		28359A6B201C41E3005AAFF4 /* InstaWeatherUITests */ = {
			isa = PBXGroup;
			children = (
				28359A6C201C41E3005AAFF4 /* InstaWeatherUITests.swift */,
				28359A6E201C41E3005AAFF4 /* Info.plist */,
			);
			path = InstaWeatherUITests;
			sourceTree = "<group>";
		};
		28392E4E2214F68B00789A2A /* Social Export */ = {
			isa = PBXGroup;
			children = (
				28392E502214F69900789A2A /* ActivitySharing.swift */,
				28F7658B221652ED00114D2B /* ExportHost.swift */,
				28392E4F2214F69800789A2A /* SocialExport.swift */,
			);
			path = "Social Export";
			sourceTree = "<group>";
		};
		285D412F20A133370040F6BE /* InstaWeatherToday */ = {
			isa = PBXGroup;
			children = (
				28177AE720B7ABE3009079AD /* InstaWeatherToday.entitlements */,
				285D413D20A136F40040F6BE /* Assets.xcassets */,
				285D413020A133370040F6BE /* TodayViewController.swift */,
				2871C19C20B5085900326A4C /* TodayDataModel.swift */,
				285D413220A133370040F6BE /* MainInterface.storyboard */,
				285D413520A133370040F6BE /* Info.plist */,
			);
			path = InstaWeatherToday;
			sourceTree = "<group>";
		};
		286A3188221A2C2600298030 /* Memories Cache */ = {
			isa = PBXGroup;
			children = (
				286A319A221A2D3C00298030 /* MemoriesCacheModel.xcdatamodeld */,
				286A319C221A2D3C00298030 /* MemoriesCacheManager.swift */,
				286A319F221A2E1F00298030 /* MemoriesCache+CoreDataClass.swift */,
				286A31A0221A2E1F00298030 /* MemoriesCache+CoreDataProperties.swift */,
			);
			path = "Memories Cache";
			sourceTree = "<group>";
		};
		28812957221B9D5E002F765A /* Analytics */ = {
			isa = PBXGroup;
			children = (
				28812958221B9D77002F765A /* AnalyticsEvents.swift */,
				2881295E221BA375002F765A /* AnalyticsKeys.swift */,
			);
			path = Analytics;
			sourceTree = "<group>";
		};
		28890DC321FE14EE004C963A /* Custom Controls */ = {
			isa = PBXGroup;
			children = (
				28890DC421FE14F5004C963A /* ImageButton.swift */,
			);
			path = "Custom Controls";
			sourceTree = "<group>";
		};
		289D1949215DA19B006339D9 /* Controllers */ = {
			isa = PBXGroup;
			children = (
				289D1947215DA14F006339D9 /* PageViewController.swift */,
				28359A4C201C41E3005AAFF4 /* AppDelegate.swift */,
				289D194A215DA1AE006339D9 /* AppSettings.swift */,
			);
			path = Controllers;
			sourceTree = "<group>";
		};
		289D194C215DA311006339D9 /* Protocols */ = {
			isa = PBXGroup;
			children = (
				289D194D215DA32C006339D9 /* AdHosting.swift */,
				2873AED02027A55C00C3ABCE /* FahrenheitProtocol.swift */,
			);
			path = Protocols;
			sourceTree = "<group>";
		};
		28B5CD2321694FE9004331DA /* Features */ = {
			isa = PBXGroup;
			children = (
				28812957221B9D5E002F765A /* Analytics */,
				28890DC321FE14EE004C963A /* Custom Controls */,
				280A03EA21841FC400F71B6A /* Parallax */,
				2807A929216AF0EE003DA8D6 /* Storyboards */,
				2807A924216AF01B003DA8D6 /* Current Weather */,
				2807A927216AF04E003DA8D6 /* Change City */,
				2807A926216AF036003DA8D6 /* Weekly Forecast */,
				2807A925216AF02E003DA8D6 /* Detailed Forecast */,
				28B5CD2421694FEE004331DA /* Image Picker */,
				28392E4E2214F68B00789A2A /* Social Export */,
				28F7658D221666D100114D2B /* Memories */,
				28EEB914201C44940090D0D3 /* Misc */,
			);
			path = Features;
			sourceTree = "<group>";
		};
		28B5CD2421694FEE004331DA /* Image Picker */ = {
			isa = PBXGroup;
			children = (
				280C4C2421FFF8C900430ED3 /* Dashboard */,
				28E58C0022015C41006A67EF /* ImageMenu */,
				28D1A0F9220E8DAB00B4928C /* ImageManager */,
				2807A920216A7077003DA8D6 /* CustomSlider.swift */,
				284574F6216B075E00996AC4 /* CustomImageButton.swift */,
				28B5CD252169501D004331DA /* ImagePicker.swift */,
				28E58C0722028DBC006A67EF /* ColorPickerView.swift */,
			);
			path = "Image Picker";
			sourceTree = "<group>";
		};
		28D1A0F9220E8DAB00B4928C /* ImageManager */ = {
			isa = PBXGroup;
			children = (
				28E58BFE22014E09006A67EF /* PickerHost.swift */,
				28CD21862169D1F700BBFA62 /* ImageManager.swift */,
				28F63D91220BC981000DF609 /* ImageLazyLoader.swift */,
			);
			path = ImageManager;
			sourceTree = "<group>";
		};
		28E58C0022015C41006A67EF /* ImageMenu */ = {
			isa = PBXGroup;
			children = (
				2807A91E216A6CF3003DA8D6 /* ImageMenu.swift */,
				2807A91C216A6A9C003DA8D6 /* ImageMenu.xib */,
				28E58C0122015C5B006A67EF /* ImageMenuDismissButton.swift */,
				28E58C03220167BA006A67EF /* ConfirmBackgroundButton.xib */,
				28E58C052201681F006A67EF /* ConfirmBackgroundButton.swift */,
				28E58C0922028F15006A67EF /* ColorPicker.swift */,
				28E58C0B22028F1E006A67EF /* ColorPicker.xib */,
			);
			path = ImageMenu;
			sourceTree = "<group>";
		};
		28EEB914201C44940090D0D3 /* Misc */ = {
			isa = PBXGroup;
			children = (
				28890DBF21FD5EF7004C963A /* UIView Extension.swift */,
				289D194F215DA9A6006339D9 /* EnumKeys.swift */,
				28392E532214F81100789A2A /* LiveInstance.swift */,
				28BFE2C42164447F000F44C3 /* AppLaunch.swift */,
				28EEB910201C44300090D0D3 /* Secrets.swift */,
				287DFB0C217558D7005086A3 /* DisplaySizes.swift */,
				287DFB0F2175597D005086A3 /* YPImagePicker+Extension.swift */,
			);
			path = Misc;
			sourceTree = "<group>";
		};
		28EEB915201C44AC0090D0D3 /* Supporting Files */ = {
			isa = PBXGroup;
			children = (
				28F7658E2216679700114D2B /* ZLSwipeableViewSwift */,
				28359A58201C41E3005AAFF4 /* Info.plist */,
				2881295A221BA1A9002F765A /* GoogleService-Info.plist */,
				28243637209E6BC9002D3142 /* Crashlytics.framework */,
				28243638209E6BC9002D3142 /* Fabric.framework */,
			);
			path = "Supporting Files";
			sourceTree = "<group>";
		};
		28F7658D221666D100114D2B /* Memories */ = {
			isa = PBXGroup;
			children = (
				2873ABF1221791DB00E186B9 /* MemoriesHost.swift */,
				2873ABF32217937600E186B9 /* MemoriesViewController.swift */,
				2873ABF5221904D200E186B9 /* MemoriesExport.swift */,
				2873ABF72219078F00E186B9 /* MemoriesSnapshot.swift */,
				286A3188221A2C2600298030 /* Memories Cache */,
			);
			path = Memories;
			sourceTree = "<group>";
		};
		28F7658E2216679700114D2B /* ZLSwipeableViewSwift */ = {
			isa = PBXGroup;
			children = (
				28F7658F2216679700114D2B /* ViewManager.swift */,
				28F765932216679700114D2B /* ZLSwipeableView.swift */,
				28F765942216679700114D2B /* Scheduler.swift */,
				28F765962216679700114D2B /* Direction.swift */,
			);
			path = ZLSwipeableViewSwift;
			sourceTree = "<group>";
		};
		C28F956F9CD763D7430DE7C2 /* Pods */ = {
			isa = PBXGroup;
			children = (
				75E8D044414447EC3A1E809B /* Pods-InstaWeather.debug.xcconfig */,
				860CF61B3ABB0D83D8F6F0CC /* Pods-InstaWeather.release.xcconfig */,
				CF737ED826A3AD0649F839E0 /* Pods-InstaWeatherTests.debug.xcconfig */,
				358805A08EE8961EE35C12DB /* Pods-InstaWeatherTests.release.xcconfig */,
				B34F4AF0D73E10226C272553 /* Pods-InstaWeatherToday.debug.xcconfig */,
				4FD834D16733EDF6811E5274 /* Pods-InstaWeatherToday.release.xcconfig */,
				F2ACFD95A9A3A622A48B876E /* Pods-InstaWeatherUITests.debug.xcconfig */,
				A5FE442CFCFB4EECBA04CB51 /* Pods-InstaWeatherUITests.release.xcconfig */,
			);
			name = Pods;
			sourceTree = "<group>";
		};
/* End PBXGroup section */

/* Begin PBXNativeTarget section */
		28359A48201C41E3005AAFF4 /* InstaWeather */ = {
			isa = PBXNativeTarget;
			buildConfigurationList = 28359A71201C41E3005AAFF4 /* Build configuration list for PBXNativeTarget "InstaWeather" */;
			buildPhases = (
				277FD35A1840BBEF1510DA4A /* [CP] Check Pods Manifest.lock */,
				28359A45201C41E3005AAFF4 /* Sources */,
				28359A46201C41E3005AAFF4 /* Frameworks */,
				28359A47201C41E3005AAFF4 /* Resources */,
				28243636209E6B9C002D3142 /* ShellScript */,
				285D413C20A133370040F6BE /* Embed App Extensions */,
				54FDB25745F45AA519983BE9 /* [CP] Embed Pods Frameworks */,
				411BEF19C2A8D03571DAC6C6 /* [CP] Copy Pods Resources */,
			);
			buildRules = (
			);
			dependencies = (
				285D413720A133370040F6BE /* PBXTargetDependency */,
			);
			name = InstaWeather;
			productName = "Rain Check";
			productReference = 28359A49201C41E3005AAFF4 /* InstaWeather.app */;
			productType = "com.apple.product-type.application";
		};
		28359A5C201C41E3005AAFF4 /* InstaWeatherTests */ = {
			isa = PBXNativeTarget;
			buildConfigurationList = 28359A74201C41E3005AAFF4 /* Build configuration list for PBXNativeTarget "InstaWeatherTests" */;
			buildPhases = (
				BCB6E28EE9EE61AFF934921E /* [CP] Check Pods Manifest.lock */,
				28359A59201C41E3005AAFF4 /* Sources */,
				28359A5A201C41E3005AAFF4 /* Frameworks */,
				28359A5B201C41E3005AAFF4 /* Resources */,
				121BD70FFA932611AF1559BE /* [CP] Embed Pods Frameworks */,
			);
			buildRules = (
			);
			dependencies = (
				28359A5F201C41E3005AAFF4 /* PBXTargetDependency */,
			);
			name = InstaWeatherTests;
			productName = "Rain CheckTests";
			productReference = 28359A5D201C41E3005AAFF4 /* InstaWeatherTests.xctest */;
			productType = "com.apple.product-type.bundle.unit-test";
		};
		28359A67201C41E3005AAFF4 /* InstaWeatherUITests */ = {
			isa = PBXNativeTarget;
			buildConfigurationList = 28359A77201C41E3005AAFF4 /* Build configuration list for PBXNativeTarget "InstaWeatherUITests" */;
			buildPhases = (
				07C54DE696EF82CEA833958E /* [CP] Check Pods Manifest.lock */,
				28359A64201C41E3005AAFF4 /* Sources */,
				28359A65201C41E3005AAFF4 /* Frameworks */,
				28359A66201C41E3005AAFF4 /* Resources */,
				F66A8E02E8ABBAAD742FDD82 /* [CP] Embed Pods Frameworks */,
			);
			buildRules = (
			);
			dependencies = (
				28359A6A201C41E3005AAFF4 /* PBXTargetDependency */,
			);
			name = InstaWeatherUITests;
			productName = "Rain CheckUITests";
			productReference = 28359A68201C41E3005AAFF4 /* InstaWeatherUITests.xctest */;
			productType = "com.apple.product-type.bundle.ui-testing";
		};
		285D412B20A133360040F6BE /* InstaWeatherToday */ = {
			isa = PBXNativeTarget;
			buildConfigurationList = 285D413B20A133370040F6BE /* Build configuration list for PBXNativeTarget "InstaWeatherToday" */;
			buildPhases = (
				FC2F6A08018CC13F48ADA914 /* [CP] Check Pods Manifest.lock */,
				285D412820A133360040F6BE /* Sources */,
				285D412920A133360040F6BE /* Frameworks */,
				285D412A20A133360040F6BE /* Resources */,
			);
			buildRules = (
			);
			dependencies = (
			);
			name = InstaWeatherToday;
			productName = InstaWeatherToday;
			productReference = 285D412C20A133360040F6BE /* InstaWeatherToday.appex */;
			productType = "com.apple.product-type.app-extension";
		};
/* End PBXNativeTarget section */

/* Begin PBXProject section */
		28359A41201C41E3005AAFF4 /* Project object */ = {
			isa = PBXProject;
			attributes = {
				LastSwiftUpdateCheck = 0930;
				LastUpgradeCheck = 0930;
				ORGANIZATIONNAME = "Besher Al Maleh";
				TargetAttributes = {
					28359A48201C41E3005AAFF4 = {
						CreatedOnToolsVersion = 9.2;
						LastSwiftMigration = 1000;
						ProvisioningStyle = Automatic;
						SystemCapabilities = {
							com.apple.ApplicationGroups.iOS = {
								enabled = 1;
							};
						};
					};
					28359A5C201C41E3005AAFF4 = {
						CreatedOnToolsVersion = 9.2;
						LastSwiftMigration = 1000;
						ProvisioningStyle = Automatic;
						TestTargetID = 28359A48201C41E3005AAFF4;
					};
					28359A67201C41E3005AAFF4 = {
						CreatedOnToolsVersion = 9.2;
						LastSwiftMigration = 1000;
						ProvisioningStyle = Automatic;
						TestTargetID = 28359A48201C41E3005AAFF4;
					};
					285D412B20A133360040F6BE = {
						CreatedOnToolsVersion = 9.3;
						LastSwiftMigration = 1000;
						ProvisioningStyle = Automatic;
						SystemCapabilities = {
							com.apple.ApplicationGroups.iOS = {
								enabled = 1;
							};
						};
					};
				};
			};
			buildConfigurationList = 28359A44201C41E3005AAFF4 /* Build configuration list for PBXProject "InstaWeather" */;
			compatibilityVersion = "Xcode 8.0";
			developmentRegion = en;
			hasScannedForEncodings = 0;
			knownRegions = (
				en,
				Base,
			);
			mainGroup = 28359A40201C41E3005AAFF4;
			productRefGroup = 28359A4A201C41E3005AAFF4 /* Products */;
			projectDirPath = "";
			projectRoot = "";
			targets = (
				28359A48201C41E3005AAFF4 /* InstaWeather */,
				28359A5C201C41E3005AAFF4 /* InstaWeatherTests */,
				28359A67201C41E3005AAFF4 /* InstaWeatherUITests */,
				285D412B20A133360040F6BE /* InstaWeatherToday */,
			);
		};
/* End PBXProject section */

/* Begin PBXResourcesBuildPhase section */
		28359A47201C41E3005AAFF4 /* Resources */ = {
			isa = PBXResourcesBuildPhase;
			buildActionMask = 2147483647;
			files = (
				28359A57201C41E3005AAFF4 /* LaunchScreen.storyboard in Resources */,
				2881295B221BA1AA002F765A /* GoogleService-Info.plist in Resources */,
				2886552D2252DE4F001CB9C9 /* DashboardSwitch.xib in Resources */,
				289D3E0E20E8046300D3D5DD /* LaunchBackground.jpg in Resources */,
				28E58C04220167BA006A67EF /* ConfirmBackgroundButton.xib in Resources */,
				28359A54201C41E3005AAFF4 /* Assets.xcassets in Resources */,
				28359A52201C41E3005AAFF4 /* Main.storyboard in Resources */,
				28E58C0C22028F1E006A67EF /* ColorPicker.xib in Resources */,
				28890DBC21FD47D7004C963A /* ImageDashboard.xib in Resources */,
				2807A91D216A6A9C003DA8D6 /* ImageMenu.xib in Resources */,
			);
			runOnlyForDeploymentPostprocessing = 0;
		};
		28359A5B201C41E3005AAFF4 /* Resources */ = {
			isa = PBXResourcesBuildPhase;
			buildActionMask = 2147483647;
			files = (
			);
			runOnlyForDeploymentPostprocessing = 0;
		};
		28359A66201C41E3005AAFF4 /* Resources */ = {
			isa = PBXResourcesBuildPhase;
			buildActionMask = 2147483647;
			files = (
			);
			runOnlyForDeploymentPostprocessing = 0;
		};
		285D412A20A133360040F6BE /* Resources */ = {
			isa = PBXResourcesBuildPhase;
			buildActionMask = 2147483647;
			files = (
				285D413E20A136F50040F6BE /* Assets.xcassets in Resources */,
				2881295C221BA1AA002F765A /* GoogleService-Info.plist in Resources */,
				285D413420A133370040F6BE /* MainInterface.storyboard in Resources */,
			);
			runOnlyForDeploymentPostprocessing = 0;
		};
/* End PBXResourcesBuildPhase section */

/* Begin PBXShellScriptBuildPhase section */
		07C54DE696EF82CEA833958E /* [CP] Check Pods Manifest.lock */ = {
			isa = PBXShellScriptBuildPhase;
			buildActionMask = 2147483647;
			files = (
			);
			inputPaths = (
				"${PODS_PODFILE_DIR_PATH}/Podfile.lock",
				"${PODS_ROOT}/Manifest.lock",
			);
			name = "[CP] Check Pods Manifest.lock";
			outputPaths = (
				"$(DERIVED_FILE_DIR)/Pods-InstaWeatherUITests-checkManifestLockResult.txt",
			);
			runOnlyForDeploymentPostprocessing = 0;
			shellPath = /bin/sh;
			shellScript = "diff \"${PODS_PODFILE_DIR_PATH}/Podfile.lock\" \"${PODS_ROOT}/Manifest.lock\" > /dev/null\nif [ $? != 0 ] ; then\n    # print error to STDERR\n    echo \"error: The sandbox is not in sync with the Podfile.lock. Run 'pod install' or update your CocoaPods installation.\" >&2\n    exit 1\nfi\n# This output is used by Xcode 'outputs' to avoid re-running this script phase.\necho \"SUCCESS\" > \"${SCRIPT_OUTPUT_FILE_0}\"\n";
			showEnvVarsInLog = 0;
		};
		121BD70FFA932611AF1559BE /* [CP] Embed Pods Frameworks */ = {
			isa = PBXShellScriptBuildPhase;
			buildActionMask = 2147483647;
			files = (
			);
			inputPaths = (
				"${SRCROOT}/Pods/Target Support Files/Pods-InstaWeatherTests/Pods-InstaWeatherTests-frameworks.sh",
				"${BUILT_PRODUCTS_DIR}/Alamofire/Alamofire.framework",
				"${BUILT_PRODUCTS_DIR}/SVProgressHUD/SVProgressHUD.framework",
				"${BUILT_PRODUCTS_DIR}/SwiftyJSON/SwiftyJSON.framework",
			);
			name = "[CP] Embed Pods Frameworks";
			outputPaths = (
				"${TARGET_BUILD_DIR}/${FRAMEWORKS_FOLDER_PATH}/Alamofire.framework",
				"${TARGET_BUILD_DIR}/${FRAMEWORKS_FOLDER_PATH}/SVProgressHUD.framework",
				"${TARGET_BUILD_DIR}/${FRAMEWORKS_FOLDER_PATH}/SwiftyJSON.framework",
			);
			runOnlyForDeploymentPostprocessing = 0;
			shellPath = /bin/sh;
			shellScript = "\"${SRCROOT}/Pods/Target Support Files/Pods-InstaWeatherTests/Pods-InstaWeatherTests-frameworks.sh\"\n";
			showEnvVarsInLog = 0;
		};
		277FD35A1840BBEF1510DA4A /* [CP] Check Pods Manifest.lock */ = {
			isa = PBXShellScriptBuildPhase;
			buildActionMask = 2147483647;
			files = (
			);
			inputPaths = (
				"${PODS_PODFILE_DIR_PATH}/Podfile.lock",
				"${PODS_ROOT}/Manifest.lock",
			);
			name = "[CP] Check Pods Manifest.lock";
			outputPaths = (
				"$(DERIVED_FILE_DIR)/Pods-InstaWeather-checkManifestLockResult.txt",
			);
			runOnlyForDeploymentPostprocessing = 0;
			shellPath = /bin/sh;
			shellScript = "diff \"${PODS_PODFILE_DIR_PATH}/Podfile.lock\" \"${PODS_ROOT}/Manifest.lock\" > /dev/null\nif [ $? != 0 ] ; then\n    # print error to STDERR\n    echo \"error: The sandbox is not in sync with the Podfile.lock. Run 'pod install' or update your CocoaPods installation.\" >&2\n    exit 1\nfi\n# This output is used by Xcode 'outputs' to avoid re-running this script phase.\necho \"SUCCESS\" > \"${SCRIPT_OUTPUT_FILE_0}\"\n";
			showEnvVarsInLog = 0;
		};
		28243636209E6B9C002D3142 /* ShellScript */ = {
			isa = PBXShellScriptBuildPhase;
			buildActionMask = 2147483647;
			files = (
			);
			inputPaths = (
			);
			outputPaths = (
			);
			runOnlyForDeploymentPostprocessing = 0;
			shellPath = /bin/sh;
			shellScript = "./Fabric.framework/run 34eede7be3e1a8b517436c123ab8589249bd3e03 d90c05152655f1e120c0fcf7c7fb9b4cc122f6628a329cb9075e6a447705944f";
		};
		411BEF19C2A8D03571DAC6C6 /* [CP] Copy Pods Resources */ = {
			isa = PBXShellScriptBuildPhase;
			buildActionMask = 2147483647;
			files = (
			);
			inputPaths = (
				"${SRCROOT}/Pods/Target Support Files/Pods-InstaWeather/Pods-InstaWeather-resources.sh",
				"${PODS_ROOT}/TwitterKit/iOS/TwitterKit.framework/TwitterKitResources.bundle",
			);
			name = "[CP] Copy Pods Resources";
			outputPaths = (
				"${TARGET_BUILD_DIR}/${UNLOCALIZED_RESOURCES_FOLDER_PATH}/TwitterKitResources.bundle",
			);
			runOnlyForDeploymentPostprocessing = 0;
			shellPath = /bin/sh;
			shellScript = "\"${SRCROOT}/Pods/Target Support Files/Pods-InstaWeather/Pods-InstaWeather-resources.sh\"\n";
			showEnvVarsInLog = 0;
		};
		54FDB25745F45AA519983BE9 /* [CP] Embed Pods Frameworks */ = {
			isa = PBXShellScriptBuildPhase;
			buildActionMask = 2147483647;
			files = (
			);
			inputPaths = (
				"${SRCROOT}/Pods/Target Support Files/Pods-InstaWeather/Pods-InstaWeather-frameworks.sh",
				"${BUILT_PRODUCTS_DIR}/Alamofire/Alamofire.framework",
				"${BUILT_PRODUCTS_DIR}/Bolts/Bolts.framework",
				"${BUILT_PRODUCTS_DIR}/FBSDKCoreKit/FBSDKCoreKit.framework",
				"${BUILT_PRODUCTS_DIR}/FBSDKLoginKit/FBSDKLoginKit.framework",
				"${BUILT_PRODUCTS_DIR}/FBSDKShareKit/FBSDKShareKit.framework",
				"${BUILT_PRODUCTS_DIR}/GoogleUtilities/GoogleUtilities.framework",
				"${BUILT_PRODUCTS_DIR}/PryntTrimmerView/PryntTrimmerView.framework",
				"${BUILT_PRODUCTS_DIR}/SVProgressHUD/SVProgressHUD.framework",
				"${PODS_ROOT}/SnapSDK/SCSDKCreativeKit.framework",
				"${PODS_ROOT}/SnapSDK/SCSDKCoreKit.framework",
				"${BUILT_PRODUCTS_DIR}/SteviaLayout/Stevia.framework",
				"${BUILT_PRODUCTS_DIR}/SwiftyJSON/SwiftyJSON.framework",
				"${PODS_ROOT}/TwitterCore/iOS/TwitterCore.framework",
				"${PODS_ROOT}/TwitterKit/iOS/TwitterKit.framework",
				"${BUILT_PRODUCTS_DIR}/YPImagePicker/YPImagePicker.framework",
				"${BUILT_PRODUCTS_DIR}/nanopb/nanopb.framework",
			);
			name = "[CP] Embed Pods Frameworks";
			outputPaths = (
				"${TARGET_BUILD_DIR}/${FRAMEWORKS_FOLDER_PATH}/Alamofire.framework",
				"${TARGET_BUILD_DIR}/${FRAMEWORKS_FOLDER_PATH}/Bolts.framework",
				"${TARGET_BUILD_DIR}/${FRAMEWORKS_FOLDER_PATH}/FBSDKCoreKit.framework",
				"${TARGET_BUILD_DIR}/${FRAMEWORKS_FOLDER_PATH}/FBSDKLoginKit.framework",
				"${TARGET_BUILD_DIR}/${FRAMEWORKS_FOLDER_PATH}/FBSDKShareKit.framework",
				"${TARGET_BUILD_DIR}/${FRAMEWORKS_FOLDER_PATH}/GoogleUtilities.framework",
				"${TARGET_BUILD_DIR}/${FRAMEWORKS_FOLDER_PATH}/PryntTrimmerView.framework",
				"${TARGET_BUILD_DIR}/${FRAMEWORKS_FOLDER_PATH}/SVProgressHUD.framework",
				"${TARGET_BUILD_DIR}/${FRAMEWORKS_FOLDER_PATH}/SCSDKCreativeKit.framework",
				"${TARGET_BUILD_DIR}/${FRAMEWORKS_FOLDER_PATH}/SCSDKCoreKit.framework",
				"${TARGET_BUILD_DIR}/${FRAMEWORKS_FOLDER_PATH}/Stevia.framework",
				"${TARGET_BUILD_DIR}/${FRAMEWORKS_FOLDER_PATH}/SwiftyJSON.framework",
				"${TARGET_BUILD_DIR}/${FRAMEWORKS_FOLDER_PATH}/TwitterCore.framework",
				"${TARGET_BUILD_DIR}/${FRAMEWORKS_FOLDER_PATH}/TwitterKit.framework",
				"${TARGET_BUILD_DIR}/${FRAMEWORKS_FOLDER_PATH}/YPImagePicker.framework",
				"${TARGET_BUILD_DIR}/${FRAMEWORKS_FOLDER_PATH}/nanopb.framework",
			);
			runOnlyForDeploymentPostprocessing = 0;
			shellPath = /bin/sh;
			shellScript = "\"${SRCROOT}/Pods/Target Support Files/Pods-InstaWeather/Pods-InstaWeather-frameworks.sh\"\n";
			showEnvVarsInLog = 0;
		};
		BCB6E28EE9EE61AFF934921E /* [CP] Check Pods Manifest.lock */ = {
			isa = PBXShellScriptBuildPhase;
			buildActionMask = 2147483647;
			files = (
			);
			inputPaths = (
				"${PODS_PODFILE_DIR_PATH}/Podfile.lock",
				"${PODS_ROOT}/Manifest.lock",
			);
			name = "[CP] Check Pods Manifest.lock";
			outputPaths = (
				"$(DERIVED_FILE_DIR)/Pods-InstaWeatherTests-checkManifestLockResult.txt",
			);
			runOnlyForDeploymentPostprocessing = 0;
			shellPath = /bin/sh;
			shellScript = "diff \"${PODS_PODFILE_DIR_PATH}/Podfile.lock\" \"${PODS_ROOT}/Manifest.lock\" > /dev/null\nif [ $? != 0 ] ; then\n    # print error to STDERR\n    echo \"error: The sandbox is not in sync with the Podfile.lock. Run 'pod install' or update your CocoaPods installation.\" >&2\n    exit 1\nfi\n# This output is used by Xcode 'outputs' to avoid re-running this script phase.\necho \"SUCCESS\" > \"${SCRIPT_OUTPUT_FILE_0}\"\n";
			showEnvVarsInLog = 0;
		};
		F66A8E02E8ABBAAD742FDD82 /* [CP] Embed Pods Frameworks */ = {
			isa = PBXShellScriptBuildPhase;
			buildActionMask = 2147483647;
			files = (
			);
			inputPaths = (
				"${SRCROOT}/Pods/Target Support Files/Pods-InstaWeatherUITests/Pods-InstaWeatherUITests-frameworks.sh",
				"${BUILT_PRODUCTS_DIR}/Alamofire/Alamofire.framework",
				"${BUILT_PRODUCTS_DIR}/SVProgressHUD/SVProgressHUD.framework",
				"${BUILT_PRODUCTS_DIR}/SwiftyJSON/SwiftyJSON.framework",
			);
			name = "[CP] Embed Pods Frameworks";
			outputPaths = (
				"${TARGET_BUILD_DIR}/${FRAMEWORKS_FOLDER_PATH}/Alamofire.framework",
				"${TARGET_BUILD_DIR}/${FRAMEWORKS_FOLDER_PATH}/SVProgressHUD.framework",
				"${TARGET_BUILD_DIR}/${FRAMEWORKS_FOLDER_PATH}/SwiftyJSON.framework",
			);
			runOnlyForDeploymentPostprocessing = 0;
			shellPath = /bin/sh;
			shellScript = "\"${SRCROOT}/Pods/Target Support Files/Pods-InstaWeatherUITests/Pods-InstaWeatherUITests-frameworks.sh\"\n";
			showEnvVarsInLog = 0;
		};
		FC2F6A08018CC13F48ADA914 /* [CP] Check Pods Manifest.lock */ = {
			isa = PBXShellScriptBuildPhase;
			buildActionMask = 2147483647;
			files = (
			);
			inputPaths = (
				"${PODS_PODFILE_DIR_PATH}/Podfile.lock",
				"${PODS_ROOT}/Manifest.lock",
			);
			name = "[CP] Check Pods Manifest.lock";
			outputPaths = (
				"$(DERIVED_FILE_DIR)/Pods-InstaWeatherToday-checkManifestLockResult.txt",
			);
			runOnlyForDeploymentPostprocessing = 0;
			shellPath = /bin/sh;
			shellScript = "diff \"${PODS_PODFILE_DIR_PATH}/Podfile.lock\" \"${PODS_ROOT}/Manifest.lock\" > /dev/null\nif [ $? != 0 ] ; then\n    # print error to STDERR\n    echo \"error: The sandbox is not in sync with the Podfile.lock. Run 'pod install' or update your CocoaPods installation.\" >&2\n    exit 1\nfi\n# This output is used by Xcode 'outputs' to avoid re-running this script phase.\necho \"SUCCESS\" > \"${SCRIPT_OUTPUT_FILE_0}\"\n";
			showEnvVarsInLog = 0;
		};
/* End PBXShellScriptBuildPhase section */

/* Begin PBXSourcesBuildPhase section */
		28359A45201C41E3005AAFF4 /* Sources */ = {
			isa = PBXSourcesBuildPhase;
			buildActionMask = 2147483647;
			files = (
				28CD21872169D1F700BBFA62 /* ImageManager.swift in Sources */,
				28A0619D20E004CD00BF9112 /* DetailedContainerViewController.swift in Sources */,
				2807A91F216A6CF3003DA8D6 /* ImageMenu.swift in Sources */,
				28D1A0FB220E8DD500B4928C /* SavedBackground.swift in Sources */,
				28392E512214F69900789A2A /* SocialExport.swift in Sources */,
				28EEB91B201C50EC0090D0D3 /* LocationExtension.swift in Sources */,
				28481F18201E9199004A89B6 /* RecentPicksTable.swift in Sources */,
				28A176C020E15294006A056F /* CoreAnimationObject.swift in Sources */,
				28EEB917201C44CD0090D0D3 /* WeatherDataModel.swift in Sources */,
				286A31A1221A2E1F00298030 /* MemoriesCache+CoreDataClass.swift in Sources */,
				284574F7216B075E00996AC4 /* CustomImageButton.swift in Sources */,
				28481F16201E8FA3004A89B6 /* ContainmentExtension.swift in Sources */,
				28392E522214F69900789A2A /* ActivitySharing.swift in Sources */,
				2885EE5F2023F62500CD4CC4 /* DetailedForecastTable.swift in Sources */,
				280C4C2121FFEEC700430ED3 /* ImageMenuDelegate.swift in Sources */,
				28B5CD262169501D004331DA /* ImagePicker.swift in Sources */,
				2873ABF6221904D200E186B9 /* MemoriesExport.swift in Sources */,
				28359A4F201C41E3005AAFF4 /* WeatherViewController.swift in Sources */,
				280A03E92183FDCD00F71B6A /* ParallaxHost.swift in Sources */,
				287A5DD1201D62D1008E71CF /* ChangeCityViewController.swift in Sources */,
				28BFE2C52164447F000F44C3 /* AppLaunch.swift in Sources */,
				28392E542214F81100789A2A /* LiveInstance.swift in Sources */,
				2886552F2252E052001CB9C9 /* DashboardSwitch.swift in Sources */,
				28EEB911201C44300090D0D3 /* Secrets.swift in Sources */,
				2873ABF42217937600E186B9 /* MemoriesViewController.swift in Sources */,
				28BB175E201D589D006E14A0 /* UpdateWeatherExtension.swift in Sources */,
				28890DC521FE14F5004C963A /* ImageButton.swift in Sources */,
				288F60D920FACD7100B91054 /* AutoCompleterTable.swift in Sources */,
				287DFB0D217558D7005086A3 /* DisplaySizes.swift in Sources */,
				286A31A6221A2EC900298030 /* MemoriesCacheManager.swift in Sources */,
				28E58C062201681F006A67EF /* ConfirmBackgroundButton.swift in Sources */,
				28F7659A2216679700114D2B /* ViewManager.swift in Sources */,
				28F7659C2216679700114D2B /* Scheduler.swift in Sources */,
				2822A03A2021485F0007D9E9 /* ForecastObject.swift in Sources */,
				28E58C0A22028F15006A67EF /* ColorPicker.swift in Sources */,
				286A31A3221A2E1F00298030 /* MemoriesCache+CoreDataProperties.swift in Sources */,
				28E58C0222015C5C006A67EF /* ImageMenuDismissButton.swift in Sources */,
				286A31A7221A2ECE00298030 /* MemoriesCacheModel.xcdatamodeld in Sources */,
				28812959221B9D77002F765A /* AnalyticsEvents.swift in Sources */,
				289D1950215DA9A6006339D9 /* EnumKeys.swift in Sources */,
				280C4C2321FFEF1F00430ED3 /* DashboardDelegate+Animations.swift in Sources */,
				289D194B215DA1AE006339D9 /* AppSettings.swift in Sources */,
				2807A92A216AF123003DA8D6 /* FahrenheitProtocol.swift in Sources */,
				289D1948215DA14F006339D9 /* PageViewController.swift in Sources */,
				280A03EC21841FD600F71B6A /* ParallaxViewController.swift in Sources */,
				28E58BFF22014E09006A67EF /* PickerHost.swift in Sources */,
				280C4C1F21FED29B00430ED3 /* Overlay.swift in Sources */,
				287DFB102175597D005086A3 /* YPImagePicker+Extension.swift in Sources */,
				2873ABF82219078F00E186B9 /* MemoriesSnapshot.swift in Sources */,
				28890DBA21FD47CB004C963A /* Dashboard.swift in Sources */,
				28890DC021FD5EF7004C963A /* UIView Extension.swift in Sources */,
				2807A923216AED4A003DA8D6 /* DashboardDelegate.swift in Sources */,
				28F63D92220BC981000DF609 /* ImageLazyLoader.swift in Sources */,
				2807A921216A7077003DA8D6 /* CustomSlider.swift in Sources */,
				2873ABF2221791DB00E186B9 /* MemoriesHost.swift in Sources */,
				28F7658C221652ED00114D2B /* ExportHost.swift in Sources */,
				28F7659B2216679700114D2B /* ZLSwipeableView.swift in Sources */,
				289D194E215DA32C006339D9 /* AdHosting.swift in Sources */,
				28359A4D201C41E3005AAFF4 /* AppDelegate.swift in Sources */,
				2881295F221BA375002F765A /* AnalyticsKeys.swift in Sources */,
				2882D6892020116F00B40082 /* ForecastViewController.swift in Sources */,
				28E58C0822028DBC006A67EF /* ColorPickerView.swift in Sources */,
				28F7659E2216679700114D2B /* Direction.swift in Sources */,
			);
			runOnlyForDeploymentPostprocessing = 0;
		};
		28359A59201C41E3005AAFF4 /* Sources */ = {
			isa = PBXSourcesBuildPhase;
			buildActionMask = 2147483647;
			files = (
				2807A92D216AF156003DA8D6 /* ForecastObject.swift in Sources */,
				2807A92B216AF154003DA8D6 /* WeatherDataModel.swift in Sources */,
				28359A62201C41E3005AAFF4 /* InstaWeatherTests.swift in Sources */,
			);
			runOnlyForDeploymentPostprocessing = 0;
		};
		28359A64201C41E3005AAFF4 /* Sources */ = {
			isa = PBXSourcesBuildPhase;
			buildActionMask = 2147483647;
			files = (
				2807A92E216AF157003DA8D6 /* ForecastObject.swift in Sources */,
				2807A92C216AF154003DA8D6 /* WeatherDataModel.swift in Sources */,
				28359A6D201C41E3005AAFF4 /* InstaWeatherUITests.swift in Sources */,
			);
			runOnlyForDeploymentPostprocessing = 0;
		};
		285D412820A133360040F6BE /* Sources */ = {
			isa = PBXSourcesBuildPhase;
			buildActionMask = 2147483647;
			files = (
				286A31A4221A2E1F00298030 /* MemoriesCache+CoreDataProperties.swift in Sources */,
				285D413120A133370040F6BE /* TodayViewController.swift in Sources */,
				287DFB0E217558D7005086A3 /* DisplaySizes.swift in Sources */,
				2873ABF922190FAD00E186B9 /* MemoriesSnapshot.swift in Sources */,
				28CDAE2120B1C2EE003CE837 /* Secrets.swift in Sources */,
				28F679F02210C55600383ED6 /* SavedBackground.swift in Sources */,
				28BFE2C6216444CC000F44C3 /* AppLaunch.swift in Sources */,
				287DFB112175597D005086A3 /* YPImagePicker+Extension.swift in Sources */,
				28CDAE1F20B1C2EE003CE837 /* ForecastObject.swift in Sources */,
				286A31A8221A2ECF00298030 /* MemoriesCacheModel.xcdatamodeld in Sources */,
				284574F5216AF1C900996AC4 /* FahrenheitProtocol.swift in Sources */,
				286A3187221A0CDE00298030 /* LiveInstance.swift in Sources */,
				286A31A5221A2EC800298030 /* MemoriesCacheManager.swift in Sources */,
				28F75B11220D2D02007BD618 /* UIView Extension.swift in Sources */,
				28812960221BA38B002F765A /* AnalyticsKeys.swift in Sources */,
				28F679EF2210C55100383ED6 /* AppSettings.swift in Sources */,
				2871C19D20B5085900326A4C /* TodayDataModel.swift in Sources */,
				284AE559220A91B0004A19DE /* PickerHost.swift in Sources */,
				28F5B0F7220D0AFF00C927CE /* ImageManager.swift in Sources */,
				286A31A2221A2E1F00298030 /* MemoriesCache+CoreDataClass.swift in Sources */,
				28F5B0F8220D0B2300C927CE /* ImageLazyLoader.swift in Sources */,
				28CDAE1E20B1C2EE003CE837 /* WeatherDataModel.swift in Sources */,
			);
			runOnlyForDeploymentPostprocessing = 0;
		};
/* End PBXSourcesBuildPhase section */

/* Begin PBXTargetDependency section */
		28359A5F201C41E3005AAFF4 /* PBXTargetDependency */ = {
			isa = PBXTargetDependency;
			target = 28359A48201C41E3005AAFF4 /* InstaWeather */;
			targetProxy = 28359A5E201C41E3005AAFF4 /* PBXContainerItemProxy */;
		};
		28359A6A201C41E3005AAFF4 /* PBXTargetDependency */ = {
			isa = PBXTargetDependency;
			target = 28359A48201C41E3005AAFF4 /* InstaWeather */;
			targetProxy = 28359A69201C41E3005AAFF4 /* PBXContainerItemProxy */;
		};
		285D413720A133370040F6BE /* PBXTargetDependency */ = {
			isa = PBXTargetDependency;
			target = 285D412B20A133360040F6BE /* InstaWeatherToday */;
			targetProxy = 285D413620A133370040F6BE /* PBXContainerItemProxy */;
		};
/* End PBXTargetDependency section */

/* Begin PBXVariantGroup section */
		28359A50201C41E3005AAFF4 /* Main.storyboard */ = {
			isa = PBXVariantGroup;
			children = (
				28359A51201C41E3005AAFF4 /* Base */,
			);
			name = Main.storyboard;
			sourceTree = "<group>";
		};
		28359A55201C41E3005AAFF4 /* LaunchScreen.storyboard */ = {
			isa = PBXVariantGroup;
			children = (
				28359A56201C41E3005AAFF4 /* Base */,
			);
			name = LaunchScreen.storyboard;
			sourceTree = "<group>";
		};
		285D413220A133370040F6BE /* MainInterface.storyboard */ = {
			isa = PBXVariantGroup;
			children = (
				285D413320A133370040F6BE /* Base */,
			);
			name = MainInterface.storyboard;
			sourceTree = "<group>";
		};
/* End PBXVariantGroup section */

/* Begin XCBuildConfiguration section */
		28359A6F201C41E3005AAFF4 /* Debug */ = {
			isa = XCBuildConfiguration;
			buildSettings = {
				ALWAYS_SEARCH_USER_PATHS = NO;
				CLANG_ANALYZER_NONNULL = YES;
				CLANG_ANALYZER_NUMBER_OBJECT_CONVERSION = YES_AGGRESSIVE;
				CLANG_CXX_LANGUAGE_STANDARD = "gnu++14";
				CLANG_CXX_LIBRARY = "libc++";
				CLANG_ENABLE_MODULES = YES;
				CLANG_ENABLE_OBJC_ARC = YES;
				CLANG_WARN_BLOCK_CAPTURE_AUTORELEASING = YES;
				CLANG_WARN_BOOL_CONVERSION = YES;
				CLANG_WARN_COMMA = YES;
				CLANG_WARN_CONSTANT_CONVERSION = YES;
				CLANG_WARN_DEPRECATED_OBJC_IMPLEMENTATIONS = YES;
				CLANG_WARN_DIRECT_OBJC_ISA_USAGE = YES_ERROR;
				CLANG_WARN_DOCUMENTATION_COMMENTS = YES;
				CLANG_WARN_EMPTY_BODY = YES;
				CLANG_WARN_ENUM_CONVERSION = YES;
				CLANG_WARN_INFINITE_RECURSION = YES;
				CLANG_WARN_INT_CONVERSION = YES;
				CLANG_WARN_NON_LITERAL_NULL_CONVERSION = YES;
				CLANG_WARN_OBJC_IMPLICIT_RETAIN_SELF = YES;
				CLANG_WARN_OBJC_LITERAL_CONVERSION = YES;
				CLANG_WARN_OBJC_ROOT_CLASS = YES_ERROR;
				CLANG_WARN_RANGE_LOOP_ANALYSIS = YES;
				CLANG_WARN_STRICT_PROTOTYPES = YES;
				CLANG_WARN_SUSPICIOUS_MOVE = YES;
				CLANG_WARN_UNGUARDED_AVAILABILITY = YES_AGGRESSIVE;
				CLANG_WARN_UNREACHABLE_CODE = YES;
				CLANG_WARN__DUPLICATE_METHOD_MATCH = YES;
				CODE_SIGN_IDENTITY = "iPhone Developer";
				COPY_PHASE_STRIP = NO;
				DEBUG_INFORMATION_FORMAT = dwarf;
				ENABLE_STRICT_OBJC_MSGSEND = YES;
				ENABLE_TESTABILITY = YES;
				GCC_C_LANGUAGE_STANDARD = gnu11;
				GCC_DYNAMIC_NO_PIC = NO;
				GCC_NO_COMMON_BLOCKS = YES;
				GCC_OPTIMIZATION_LEVEL = 0;
				GCC_PREPROCESSOR_DEFINITIONS = (
					"DEBUG=1",
					"$(inherited)",
				);
				GCC_WARN_64_TO_32_BIT_CONVERSION = YES;
				GCC_WARN_ABOUT_RETURN_TYPE = YES_ERROR;
				GCC_WARN_UNDECLARED_SELECTOR = YES;
				GCC_WARN_UNINITIALIZED_AUTOS = YES_AGGRESSIVE;
				GCC_WARN_UNUSED_FUNCTION = YES;
				GCC_WARN_UNUSED_VARIABLE = YES;
				IPHONEOS_DEPLOYMENT_TARGET = 10.2;
				MTL_ENABLE_DEBUG_INFO = YES;
				ONLY_ACTIVE_ARCH = YES;
				SDKROOT = iphoneos;
				SWIFT_ACTIVE_COMPILATION_CONDITIONS = DEBUG;
				SWIFT_OPTIMIZATION_LEVEL = "-Onone";
			};
			name = Debug;
		};
		28359A70201C41E3005AAFF4 /* Release */ = {
			isa = XCBuildConfiguration;
			buildSettings = {
				ALWAYS_SEARCH_USER_PATHS = NO;
				CLANG_ANALYZER_NONNULL = YES;
				CLANG_ANALYZER_NUMBER_OBJECT_CONVERSION = YES_AGGRESSIVE;
				CLANG_CXX_LANGUAGE_STANDARD = "gnu++14";
				CLANG_CXX_LIBRARY = "libc++";
				CLANG_ENABLE_MODULES = YES;
				CLANG_ENABLE_OBJC_ARC = YES;
				CLANG_WARN_BLOCK_CAPTURE_AUTORELEASING = YES;
				CLANG_WARN_BOOL_CONVERSION = YES;
				CLANG_WARN_COMMA = YES;
				CLANG_WARN_CONSTANT_CONVERSION = YES;
				CLANG_WARN_DEPRECATED_OBJC_IMPLEMENTATIONS = YES;
				CLANG_WARN_DIRECT_OBJC_ISA_USAGE = YES_ERROR;
				CLANG_WARN_DOCUMENTATION_COMMENTS = YES;
				CLANG_WARN_EMPTY_BODY = YES;
				CLANG_WARN_ENUM_CONVERSION = YES;
				CLANG_WARN_INFINITE_RECURSION = YES;
				CLANG_WARN_INT_CONVERSION = YES;
				CLANG_WARN_NON_LITERAL_NULL_CONVERSION = YES;
				CLANG_WARN_OBJC_IMPLICIT_RETAIN_SELF = YES;
				CLANG_WARN_OBJC_LITERAL_CONVERSION = YES;
				CLANG_WARN_OBJC_ROOT_CLASS = YES_ERROR;
				CLANG_WARN_RANGE_LOOP_ANALYSIS = YES;
				CLANG_WARN_STRICT_PROTOTYPES = YES;
				CLANG_WARN_SUSPICIOUS_MOVE = YES;
				CLANG_WARN_UNGUARDED_AVAILABILITY = YES_AGGRESSIVE;
				CLANG_WARN_UNREACHABLE_CODE = YES;
				CLANG_WARN__DUPLICATE_METHOD_MATCH = YES;
				CODE_SIGN_IDENTITY = "iPhone Developer";
				COPY_PHASE_STRIP = NO;
				DEBUG_INFORMATION_FORMAT = "dwarf-with-dsym";
				ENABLE_NS_ASSERTIONS = NO;
				ENABLE_STRICT_OBJC_MSGSEND = YES;
				GCC_C_LANGUAGE_STANDARD = gnu11;
				GCC_NO_COMMON_BLOCKS = YES;
				GCC_WARN_64_TO_32_BIT_CONVERSION = YES;
				GCC_WARN_ABOUT_RETURN_TYPE = YES_ERROR;
				GCC_WARN_UNDECLARED_SELECTOR = YES;
				GCC_WARN_UNINITIALIZED_AUTOS = YES_AGGRESSIVE;
				GCC_WARN_UNUSED_FUNCTION = YES;
				GCC_WARN_UNUSED_VARIABLE = YES;
				IPHONEOS_DEPLOYMENT_TARGET = 10.2;
				MTL_ENABLE_DEBUG_INFO = NO;
				SDKROOT = iphoneos;
				SWIFT_OPTIMIZATION_LEVEL = "-Owholemodule";
				VALIDATE_PRODUCT = YES;
			};
			name = Release;
		};
		28359A72201C41E3005AAFF4 /* Debug */ = {
			isa = XCBuildConfiguration;
			baseConfigurationReference = 75E8D044414447EC3A1E809B /* Pods-InstaWeather.debug.xcconfig */;
			buildSettings = {
				ALWAYS_EMBED_SWIFT_STANDARD_LIBRARIES = YES;
				ASSETCATALOG_COMPILER_APPICON_NAME = AppIcon;
				CODE_SIGN_ENTITLEMENTS = InstaWeather/InstaWeather.entitlements;
				CODE_SIGN_STYLE = Automatic;
				DEVELOPMENT_TEAM = S9M2AHXJQE;
				FRAMEWORK_SEARCH_PATHS = (
					"$(inherited)",
					"$(PROJECT_DIR)",
				);
				INFOPLIST_FILE = "InstaWeather/Supporting Files/Info.plist";
				IPHONEOS_DEPLOYMENT_TARGET = 11.0;
				LD_RUNPATH_SEARCH_PATHS = "$(inherited) @executable_path/Frameworks";
				PRODUCT_BUNDLE_IDENTIFIER = com.BesherAlMaleh.InstaWeather;
				PRODUCT_NAME = "$(TARGET_NAME)";
				SWIFT_VERSION = 4.2;
				TARGETED_DEVICE_FAMILY = "1,2";
			};
			name = Debug;
		};
		28359A73201C41E3005AAFF4 /* Release */ = {
			isa = XCBuildConfiguration;
			baseConfigurationReference = 860CF61B3ABB0D83D8F6F0CC /* Pods-InstaWeather.release.xcconfig */;
			buildSettings = {
				ALWAYS_EMBED_SWIFT_STANDARD_LIBRARIES = YES;
				ASSETCATALOG_COMPILER_APPICON_NAME = AppIcon;
				CODE_SIGN_ENTITLEMENTS = InstaWeather/InstaWeather.entitlements;
				CODE_SIGN_STYLE = Automatic;
				DEVELOPMENT_TEAM = S9M2AHXJQE;
				FRAMEWORK_SEARCH_PATHS = (
					"$(inherited)",
					"$(PROJECT_DIR)",
				);
				INFOPLIST_FILE = "InstaWeather/Supporting Files/Info.plist";
				IPHONEOS_DEPLOYMENT_TARGET = 11.0;
				LD_RUNPATH_SEARCH_PATHS = "$(inherited) @executable_path/Frameworks";
				PRODUCT_BUNDLE_IDENTIFIER = com.BesherAlMaleh.InstaWeather;
				PRODUCT_NAME = "$(TARGET_NAME)";
				SWIFT_VERSION = 4.2;
				TARGETED_DEVICE_FAMILY = "1,2";
			};
			name = Release;
		};
		28359A75201C41E3005AAFF4 /* Debug */ = {
			isa = XCBuildConfiguration;
			baseConfigurationReference = CF737ED826A3AD0649F839E0 /* Pods-InstaWeatherTests.debug.xcconfig */;
			buildSettings = {
				ALWAYS_EMBED_SWIFT_STANDARD_LIBRARIES = YES;
				BUNDLE_LOADER = "$(TEST_HOST)";
				CODE_SIGN_STYLE = Automatic;
				DEVELOPMENT_TEAM = S9M2AHXJQE;
				INFOPLIST_FILE = InstaWeatherTests/Info.plist;
				LD_RUNPATH_SEARCH_PATHS = "$(inherited) @executable_path/Frameworks @loader_path/Frameworks";
				PRODUCT_BUNDLE_IDENTIFIER = com.BesherAlMaleh.InstaWeather;
				PRODUCT_NAME = "$(TARGET_NAME)";
				SWIFT_VERSION = 4.2;
				TARGETED_DEVICE_FAMILY = "1,2";
				TEST_HOST = "$(BUILT_PRODUCTS_DIR)/InstaWeather.app/InstaWeather";
			};
			name = Debug;
		};
		28359A76201C41E3005AAFF4 /* Release */ = {
			isa = XCBuildConfiguration;
			baseConfigurationReference = 358805A08EE8961EE35C12DB /* Pods-InstaWeatherTests.release.xcconfig */;
			buildSettings = {
				ALWAYS_EMBED_SWIFT_STANDARD_LIBRARIES = YES;
				BUNDLE_LOADER = "$(TEST_HOST)";
				CODE_SIGN_STYLE = Automatic;
				DEVELOPMENT_TEAM = S9M2AHXJQE;
				INFOPLIST_FILE = InstaWeatherTests/Info.plist;
				LD_RUNPATH_SEARCH_PATHS = "$(inherited) @executable_path/Frameworks @loader_path/Frameworks";
				PRODUCT_BUNDLE_IDENTIFIER = com.BesherAlMaleh.InstaWeather;
				PRODUCT_NAME = "$(TARGET_NAME)";
				SWIFT_VERSION = 4.2;
				TARGETED_DEVICE_FAMILY = "1,2";
				TEST_HOST = "$(BUILT_PRODUCTS_DIR)/InstaWeather.app/InstaWeather";
			};
			name = Release;
		};
		28359A78201C41E3005AAFF4 /* Debug */ = {
			isa = XCBuildConfiguration;
			baseConfigurationReference = F2ACFD95A9A3A622A48B876E /* Pods-InstaWeatherUITests.debug.xcconfig */;
			buildSettings = {
				ALWAYS_EMBED_SWIFT_STANDARD_LIBRARIES = YES;
				CODE_SIGN_STYLE = Automatic;
				DEVELOPMENT_TEAM = S9M2AHXJQE;
				INFOPLIST_FILE = InstaWeatherUITests/Info.plist;
				LD_RUNPATH_SEARCH_PATHS = "$(inherited) @executable_path/Frameworks @loader_path/Frameworks";
				PRODUCT_BUNDLE_IDENTIFIER = com.BesherAlMaleh.InstaWeather;
				PRODUCT_NAME = "$(TARGET_NAME)";
				SWIFT_VERSION = 4.2;
				TARGETED_DEVICE_FAMILY = "1,2";
				TEST_TARGET_NAME = InstaWeather;
			};
			name = Debug;
		};
		28359A79201C41E3005AAFF4 /* Release */ = {
			isa = XCBuildConfiguration;
			baseConfigurationReference = A5FE442CFCFB4EECBA04CB51 /* Pods-InstaWeatherUITests.release.xcconfig */;
			buildSettings = {
				ALWAYS_EMBED_SWIFT_STANDARD_LIBRARIES = YES;
				CODE_SIGN_STYLE = Automatic;
				DEVELOPMENT_TEAM = S9M2AHXJQE;
				INFOPLIST_FILE = InstaWeatherUITests/Info.plist;
				LD_RUNPATH_SEARCH_PATHS = "$(inherited) @executable_path/Frameworks @loader_path/Frameworks";
				PRODUCT_BUNDLE_IDENTIFIER = com.BesherAlMaleh.InstaWeather;
				PRODUCT_NAME = "$(TARGET_NAME)";
				SWIFT_VERSION = 4.2;
				TARGETED_DEVICE_FAMILY = "1,2";
				TEST_TARGET_NAME = InstaWeather;
			};
			name = Release;
		};
		285D413920A133370040F6BE /* Debug */ = {
			isa = XCBuildConfiguration;
			baseConfigurationReference = B34F4AF0D73E10226C272553 /* Pods-InstaWeatherToday.debug.xcconfig */;
			buildSettings = {
				CLANG_ENABLE_OBJC_WEAK = YES;
				CODE_SIGN_ENTITLEMENTS = InstaWeatherToday/InstaWeatherToday.entitlements;
				CODE_SIGN_STYLE = Automatic;
				DEVELOPMENT_TEAM = S9M2AHXJQE;
				INFOPLIST_FILE = InstaWeatherToday/Info.plist;
				IPHONEOS_DEPLOYMENT_TARGET = 10.0;
				LD_RUNPATH_SEARCH_PATHS = "$(inherited) @executable_path/Frameworks @executable_path/../../Frameworks";
				PRODUCT_BUNDLE_IDENTIFIER = com.BesherAlMaleh.InstaWeather.InstaWeatherToday;
				PRODUCT_NAME = "$(TARGET_NAME)";
				SKIP_INSTALL = YES;
				SWIFT_VERSION = 4.2;
				TARGETED_DEVICE_FAMILY = "1,2";
			};
			name = Debug;
		};
		285D413A20A133370040F6BE /* Release */ = {
			isa = XCBuildConfiguration;
			baseConfigurationReference = 4FD834D16733EDF6811E5274 /* Pods-InstaWeatherToday.release.xcconfig */;
			buildSettings = {
				CLANG_ENABLE_OBJC_WEAK = YES;
				CODE_SIGN_ENTITLEMENTS = InstaWeatherToday/InstaWeatherToday.entitlements;
				CODE_SIGN_STYLE = Automatic;
				DEVELOPMENT_TEAM = S9M2AHXJQE;
				INFOPLIST_FILE = InstaWeatherToday/Info.plist;
				IPHONEOS_DEPLOYMENT_TARGET = 10.0;
				LD_RUNPATH_SEARCH_PATHS = "$(inherited) @executable_path/Frameworks @executable_path/../../Frameworks";
				PRODUCT_BUNDLE_IDENTIFIER = com.BesherAlMaleh.InstaWeather.InstaWeatherToday;
				PRODUCT_NAME = "$(TARGET_NAME)";
				SKIP_INSTALL = YES;
				SWIFT_VERSION = 4.2;
				TARGETED_DEVICE_FAMILY = "1,2";
			};
			name = Release;
		};
/* End XCBuildConfiguration section */

/* Begin XCConfigurationList section */
		28359A44201C41E3005AAFF4 /* Build configuration list for PBXProject "InstaWeather" */ = {
			isa = XCConfigurationList;
			buildConfigurations = (
				28359A6F201C41E3005AAFF4 /* Debug */,
				28359A70201C41E3005AAFF4 /* Release */,
			);
			defaultConfigurationIsVisible = 0;
			defaultConfigurationName = Release;
		};
		28359A71201C41E3005AAFF4 /* Build configuration list for PBXNativeTarget "InstaWeather" */ = {
			isa = XCConfigurationList;
			buildConfigurations = (
				28359A72201C41E3005AAFF4 /* Debug */,
				28359A73201C41E3005AAFF4 /* Release */,
			);
			defaultConfigurationIsVisible = 0;
			defaultConfigurationName = Release;
		};
		28359A74201C41E3005AAFF4 /* Build configuration list for PBXNativeTarget "InstaWeatherTests" */ = {
			isa = XCConfigurationList;
			buildConfigurations = (
				28359A75201C41E3005AAFF4 /* Debug */,
				28359A76201C41E3005AAFF4 /* Release */,
			);
			defaultConfigurationIsVisible = 0;
			defaultConfigurationName = Release;
		};
		28359A77201C41E3005AAFF4 /* Build configuration list for PBXNativeTarget "InstaWeatherUITests" */ = {
			isa = XCConfigurationList;
			buildConfigurations = (
				28359A78201C41E3005AAFF4 /* Debug */,
				28359A79201C41E3005AAFF4 /* Release */,
			);
			defaultConfigurationIsVisible = 0;
			defaultConfigurationName = Release;
		};
		285D413B20A133370040F6BE /* Build configuration list for PBXNativeTarget "InstaWeatherToday" */ = {
			isa = XCConfigurationList;
			buildConfigurations = (
				285D413920A133370040F6BE /* Debug */,
				285D413A20A133370040F6BE /* Release */,
			);
			defaultConfigurationIsVisible = 0;
			defaultConfigurationName = Release;
		};
/* End XCConfigurationList section */

/* Begin XCVersionGroup section */
		286A319A221A2D3C00298030 /* MemoriesCacheModel.xcdatamodeld */ = {
			isa = XCVersionGroup;
			children = (
				286A319B221A2D3C00298030 /* ImageCacheModel.xcdatamodel */,
			);
			currentVersion = 286A319B221A2D3C00298030 /* ImageCacheModel.xcdatamodel */;
			path = MemoriesCacheModel.xcdatamodeld;
			sourceTree = "<group>";
			versionGroupType = wrapper.xcdatamodel;
		};
/* End XCVersionGroup section */
	};
	rootObject = 28359A41201C41E3005AAFF4 /* Project object */;
}
